// !$*UTF8*$!
{
	archiveVersion = 1;
	classes = {
	};
	objectVersion = 55;
	objects = {

/* Begin PBXBuildFile section */
		138CEC5027B03DAF00CDF545 /* AppDelegate.swift in Sources */ = {isa = PBXBuildFile; fileRef = 138CEC4F27B03DAF00CDF545 /* AppDelegate.swift */; };
		138CEC5227B03DAF00CDF545 /* SceneDelegate.swift in Sources */ = {isa = PBXBuildFile; fileRef = 138CEC5127B03DAF00CDF545 /* SceneDelegate.swift */; };
		138CEC5427B03DAF00CDF545 /* ViewController.swift in Sources */ = {isa = PBXBuildFile; fileRef = 138CEC5327B03DAF00CDF545 /* ViewController.swift */; };
		138CEC5727B03DAF00CDF545 /* Main.storyboard in Resources */ = {isa = PBXBuildFile; fileRef = 138CEC5527B03DAF00CDF545 /* Main.storyboard */; };
		138CEC5927B03DB200CDF545 /* Assets.xcassets in Resources */ = {isa = PBXBuildFile; fileRef = 138CEC5827B03DB200CDF545 /* Assets.xcassets */; };
		138CEC5C27B03DB200CDF545 /* LaunchScreen.storyboard in Resources */ = {isa = PBXBuildFile; fileRef = 138CEC5A27B03DB200CDF545 /* LaunchScreen.storyboard */; };
		138CEC6427B0458C00CDF545 /* Problem1.swift in Sources */ = {isa = PBXBuildFile; fileRef = 138CEC6327B0458C00CDF545 /* Problem1.swift */; };
		138CEC6627B046DE00CDF545 /* Problem2.swift in Sources */ = {isa = PBXBuildFile; fileRef = 138CEC6527B046DE00CDF545 /* Problem2.swift */; };
/* End PBXBuildFile section */

/* Begin PBXFileReference section */
		138CEC4C27B03DAF00CDF545 /* Day36.app */ = {isa = PBXFileReference; explicitFileType = wrapper.application; includeInIndex = 0; path = Day36.app; sourceTree = BUILT_PRODUCTS_DIR; };
		138CEC4F27B03DAF00CDF545 /* AppDelegate.swift */ = {isa = PBXFileReference; lastKnownFileType = sourcecode.swift; path = AppDelegate.swift; sourceTree = "<group>"; };
		138CEC5127B03DAF00CDF545 /* SceneDelegate.swift */ = {isa = PBXFileReference; lastKnownFileType = sourcecode.swift; path = SceneDelegate.swift; sourceTree = "<group>"; };
		138CEC5327B03DAF00CDF545 /* ViewController.swift */ = {isa = PBXFileReference; lastKnownFileType = sourcecode.swift; path = ViewController.swift; sourceTree = "<group>"; };
		138CEC5627B03DAF00CDF545 /* Base */ = {isa = PBXFileReference; lastKnownFileType = file.storyboard; name = Base; path = Base.lproj/Main.storyboard; sourceTree = "<group>"; };
		138CEC5827B03DB200CDF545 /* Assets.xcassets */ = {isa = PBXFileReference; lastKnownFileType = folder.assetcatalog; path = Assets.xcassets; sourceTree = "<group>"; };
		138CEC5B27B03DB200CDF545 /* Base */ = {isa = PBXFileReference; lastKnownFileType = file.storyboard; name = Base; path = Base.lproj/LaunchScreen.storyboard; sourceTree = "<group>"; };
		138CEC5D27B03DB200CDF545 /* Info.plist */ = {isa = PBXFileReference; lastKnownFileType = text.plist.xml; path = Info.plist; sourceTree = "<group>"; };
		138CEC6327B0458C00CDF545 /* Problem1.swift */ = {isa = PBXFileReference; lastKnownFileType = sourcecode.swift; path = Problem1.swift; sourceTree = "<group>"; };
		138CEC6527B046DE00CDF545 /* Problem2.swift */ = {isa = PBXFileReference; lastKnownFileType = sourcecode.swift; path = Problem2.swift; sourceTree = "<group>"; };
/* End PBXFileReference section */

/* Begin PBXFrameworksBuildPhase section */
		138CEC4927B03DAF00CDF545 /* Frameworks */ = {
			isa = PBXFrameworksBuildPhase;
			buildActionMask = 2147483647;
			files = (
			);
			runOnlyForDeploymentPostprocessing = 0;
		};
/* End PBXFrameworksBuildPhase section */

/* Begin PBXGroup section */
		138CEC4327B03DAF00CDF545 = {
			isa = PBXGroup;
			children = (
				138CEC4E27B03DAF00CDF545 /* Day36 */,
				138CEC4D27B03DAF00CDF545 /* Products */,
			);
			sourceTree = "<group>";
		};
		138CEC4D27B03DAF00CDF545 /* Products */ = {
			isa = PBXGroup;
			children = (
				138CEC4C27B03DAF00CDF545 /* Day36.app */,
			);
			name = Products;
			sourceTree = "<group>";
		};
		138CEC4E27B03DAF00CDF545 /* Day36 */ = {
			isa = PBXGroup;
			children = (
				138CEC4F27B03DAF00CDF545 /* AppDelegate.swift */,
				138CEC5127B03DAF00CDF545 /* SceneDelegate.swift */,
				138CEC5327B03DAF00CDF545 /* ViewController.swift */,
				138CEC6327B0458C00CDF545 /* Problem1.swift */,
				138CEC6527B046DE00CDF545 /* Problem2.swift */,
				138CEC5527B03DAF00CDF545 /* Main.storyboard */,
				138CEC5827B03DB200CDF545 /* Assets.xcassets */,
				138CEC5A27B03DB200CDF545 /* LaunchScreen.storyboard */,
				138CEC5D27B03DB200CDF545 /* Info.plist */,
			);
			path = Day36;
			sourceTree = "<group>";
		};
/* End PBXGroup section */

/* Begin PBXNativeTarget section */
		138CEC4B27B03DAF00CDF545 /* Day36 */ = {
			isa = PBXNativeTarget;
			buildConfigurationList = 138CEC6027B03DB200CDF545 /* Build configuration list for PBXNativeTarget "Day36" */;
			buildPhases = (
				138CEC4827B03DAF00CDF545 /* Sources */,
				138CEC4927B03DAF00CDF545 /* Frameworks */,
				138CEC4A27B03DAF00CDF545 /* Resources */,
			);
			buildRules = (
			);
			dependencies = (
			);
			name = Day36;
			productName = Day36;
			productReference = 138CEC4C27B03DAF00CDF545 /* Day36.app */;
			productType = "com.apple.product-type.application";
		};
/* End PBXNativeTarget section */

/* Begin PBXProject section */
		138CEC4427B03DAF00CDF545 /* Project object */ = {
			isa = PBXProject;
			attributes = {
				BuildIndependentTargetsInParallel = 1;
				LastSwiftUpdateCheck = 1300;
				LastUpgradeCheck = 1300;
				TargetAttributes = {
					138CEC4B27B03DAF00CDF545 = {
						CreatedOnToolsVersion = 13.0;
					};
				};
			};
			buildConfigurationList = 138CEC4727B03DAF00CDF545 /* Build configuration list for PBXProject "Day36" */;
			compatibilityVersion = "Xcode 13.0";
			developmentRegion = en;
			hasScannedForEncodings = 0;
			knownRegions = (
				en,
				Base,
			);
			mainGroup = 138CEC4327B03DAF00CDF545;
			productRefGroup = 138CEC4D27B03DAF00CDF545 /* Products */;
			projectDirPath = "";
			projectRoot = "";
			targets = (
				138CEC4B27B03DAF00CDF545 /* Day36 */,
			);
		};
/* End PBXProject section */

/* Begin PBXResourcesBuildPhase section */
		138CEC4A27B03DAF00CDF545 /* Resources */ = {
			isa = PBXResourcesBuildPhase;
			buildActionMask = 2147483647;
			files = (
				138CEC5C27B03DB200CDF545 /* LaunchScreen.storyboard in Resources */,
				138CEC5927B03DB200CDF545 /* Assets.xcassets in Resources */,
				138CEC5727B03DAF00CDF545 /* Main.storyboard in Resources */,
			);
			runOnlyForDeploymentPostprocessing = 0;
		};
/* End PBXResourcesBuildPhase section */

/* Begin PBXSourcesBuildPhase section */
		138CEC4827B03DAF00CDF545 /* Sources */ = {
			isa = PBXSourcesBuildPhase;
			buildActionMask = 2147483647;
			files = (
				138CEC5427B03DAF00CDF545 /* ViewController.swift in Sources */,
				138CEC6627B046DE00CDF545 /* Problem2.swift in Sources */,
				138CEC5027B03DAF00CDF545 /* AppDelegate.swift in Sources */,
				138CEC5227B03DAF00CDF545 /* SceneDelegate.swift in Sources */,
				138CEC6427B0458C00CDF545 /* Problem1.swift in Sources */,
			);
			runOnlyForDeploymentPostprocessing = 0;
		};
/* End PBXSourcesBuildPhase section */

/* Begin PBXVariantGroup section */
		138CEC5527B03DAF00CDF545 /* Main.storyboard */ = {
			isa = PBXVariantGroup;
			children = (
				138CEC5627B03DAF00CDF545 /* Base */,
			);
			name = Main.storyboard;
			sourceTree = "<group>";
		};
		138CEC5A27B03DB200CDF545 /* LaunchScreen.storyboard */ = {
			isa = PBXVariantGroup;
			children = (
				138CEC5B27B03DB200CDF545 /* Base */,
			);
			name = LaunchScreen.storyboard;
			sourceTree = "<group>";
		};
/* End PBXVariantGroup section */

/* Begin XCBuildConfiguration section */
		138CEC5E27B03DB200CDF545 /* Debug */ = {
			isa = XCBuildConfiguration;
			buildSettings = {
				ALWAYS_SEARCH_USER_PATHS = NO;
				CLANG_ANALYZER_NONNULL = YES;
				CLANG_ANALYZER_NUMBER_OBJECT_CONVERSION = YES_AGGRESSIVE;
				CLANG_CXX_LANGUAGE_STANDARD = "gnu++17";
				CLANG_CXX_LIBRARY = "libc++";
				CLANG_ENABLE_MODULES = YES;
				CLANG_ENABLE_OBJC_ARC = YES;
				CLANG_ENABLE_OBJC_WEAK = YES;
				CLANG_WARN_BLOCK_CAPTURE_AUTORELEASING = YES;
				CLANG_WARN_BOOL_CONVERSION = YES;
				CLANG_WARN_COMMA = YES;
				CLANG_WARN_CONSTANT_CONVERSION = YES;
				CLANG_WARN_DEPRECATED_OBJC_IMPLEMENTATIONS = YES;
				CLANG_WARN_DIRECT_OBJC_ISA_USAGE = YES_ERROR;
				CLANG_WARN_DOCUMENTATION_COMMENTS = YES;
				CLANG_WARN_EMPTY_BODY = YES;
				CLANG_WARN_ENUM_CONVERSION = YES;
				CLANG_WARN_INFINITE_RECURSION = YES;
				CLANG_WARN_INT_CONVERSION = YES;
				CLANG_WARN_NON_LITERAL_NULL_CONVERSION = YES;
				CLANG_WARN_OBJC_IMPLICIT_RETAIN_SELF = YES;
				CLANG_WARN_OBJC_LITERAL_CONVERSION = YES;
				CLANG_WARN_OBJC_ROOT_CLASS = YES_ERROR;
				CLANG_WARN_QUOTED_INCLUDE_IN_FRAMEWORK_HEADER = YES;
				CLANG_WARN_RANGE_LOOP_ANALYSIS = YES;
				CLANG_WARN_STRICT_PROTOTYPES = YES;
				CLANG_WARN_SUSPICIOUS_MOVE = YES;
				CLANG_WARN_UNGUARDED_AVAILABILITY = YES_AGGRESSIVE;
				CLANG_WARN_UNREACHABLE_CODE = YES;
				CLANG_WARN__DUPLICATE_METHOD_MATCH = YES;
				COPY_PHASE_STRIP = NO;
				DEBUG_INFORMATION_FORMAT = dwarf;
				ENABLE_STRICT_OBJC_MSGSEND = YES;
				ENABLE_TESTABILITY = YES;
				GCC_C_LANGUAGE_STANDARD = gnu11;
				GCC_DYNAMIC_NO_PIC = NO;
				GCC_NO_COMMON_BLOCKS = YES;
				GCC_OPTIMIZATION_LEVEL = 0;
				GCC_PREPROCESSOR_DEFINITIONS = (
					"DEBUG=1",
					"$(inherited)",
				);
				GCC_WARN_64_TO_32_BIT_CONVERSION = YES;
				GCC_WARN_ABOUT_RETURN_TYPE = YES_ERROR;
				GCC_WARN_UNDECLARED_SELECTOR = YES;
				GCC_WARN_UNINITIALIZED_AUTOS = YES_AGGRESSIVE;
				GCC_WARN_UNUSED_FUNCTION = YES;
				GCC_WARN_UNUSED_VARIABLE = YES;
				IPHONEOS_DEPLOYMENT_TARGET = 15.0;
				MTL_ENABLE_DEBUG_INFO = INCLUDE_SOURCE;
				MTL_FAST_MATH = YES;
				ONLY_ACTIVE_ARCH = YES;
				SDKROOT = iphoneos;
				SWIFT_ACTIVE_COMPILATION_CONDITIONS = DEBUG;
				SWIFT_OPTIMIZATION_LEVEL = "-Onone";
			};
			name = Debug;
		};
		138CEC5F27B03DB200CDF545 /* Release */ = {
			isa = XCBuildConfiguration;
			buildSettings = {
				ALWAYS_SEARCH_USER_PATHS = NO;
				CLANG_ANALYZER_NONNULL = YES;
				CLANG_ANALYZER_NUMBER_OBJECT_CONVERSION = YES_AGGRESSIVE;
				CLANG_CXX_LANGUAGE_STANDARD = "gnu++17";
				CLANG_CXX_LIBRARY = "libc++";
				CLANG_ENABLE_MODULES = YES;
				CLANG_ENABLE_OBJC_ARC = YES;
				CLANG_ENABLE_OBJC_WEAK = YES;
				CLANG_WARN_BLOCK_CAPTURE_AUTORELEASING = YES;
				CLANG_WARN_BOOL_CONVERSION = YES;
				CLANG_WARN_COMMA = YES;
				CLANG_WARN_CONSTANT_CONVERSION = YES;
				CLANG_WARN_DEPRECATED_OBJC_IMPLEMENTATIONS = YES;
				CLANG_WARN_DIRECT_OBJC_ISA_USAGE = YES_ERROR;
				CLANG_WARN_DOCUMENTATION_COMMENTS = YES;
				CLANG_WARN_EMPTY_BODY = YES;
				CLANG_WARN_ENUM_CONVERSION = YES;
				CLANG_WARN_INFINITE_RECURSION = YES;
				CLANG_WARN_INT_CONVERSION = YES;
				CLANG_WARN_NON_LITERAL_NULL_CONVERSION = YES;
				CLANG_WARN_OBJC_IMPLICIT_RETAIN_SELF = YES;
				CLANG_WARN_OBJC_LITERAL_CONVERSION = YES;
				CLANG_WARN_OBJC_ROOT_CLASS = YES_ERROR;
				CLANG_WARN_QUOTED_INCLUDE_IN_FRAMEWORK_HEADER = YES;
				CLANG_WARN_RANGE_LOOP_ANALYSIS = YES;
				CLANG_WARN_STRICT_PROTOTYPES = YES;
				CLANG_WARN_SUSPICIOUS_MOVE = YES;
				CLANG_WARN_UNGUARDED_AVAILABILITY = YES_AGGRESSIVE;
				CLANG_WARN_UNREACHABLE_CODE = YES;
				CLANG_WARN__DUPLICATE_METHOD_MATCH = YES;
				COPY_PHASE_STRIP = NO;
				DEBUG_INFORMATION_FORMAT = "dwarf-with-dsym";
				ENABLE_NS_ASSERTIONS = NO;
				ENABLE_STRICT_OBJC_MSGSEND = YES;
				GCC_C_LANGUAGE_STANDARD = gnu11;
				GCC_NO_COMMON_BLOCKS = YES;
				GCC_WARN_64_TO_32_BIT_CONVERSION = YES;
				GCC_WARN_ABOUT_RETURN_TYPE = YES_ERROR;
				GCC_WARN_UNDECLARED_SELECTOR = YES;
				GCC_WARN_UNINITIALIZED_AUTOS = YES_AGGRESSIVE;
				GCC_WARN_UNUSED_FUNCTION = YES;
				GCC_WARN_UNUSED_VARIABLE = YES;
				IPHONEOS_DEPLOYMENT_TARGET = 15.0;
				MTL_ENABLE_DEBUG_INFO = NO;
				MTL_FAST_MATH = YES;
				SDKROOT = iphoneos;
				SWIFT_COMPILATION_MODE = wholemodule;
				SWIFT_OPTIMIZATION_LEVEL = "-O";
				VALIDATE_PRODUCT = YES;
			};
			name = Release;
		};
		138CEC6127B03DB200CDF545 /* Debug */ = {
			isa = XCBuildConfiguration;
			buildSettings = {
				ASSETCATALOG_COMPILER_APPICON_NAME = AppIcon;
				ASSETCATALOG_COMPILER_GLOBAL_ACCENT_COLOR_NAME = AccentColor;
				CODE_SIGN_STYLE = Automatic;
				CURRENT_PROJECT_VERSION = 1;
				GENERATE_INFOPLIST_FILE = YES;
				INFOPLIST_FILE = Day36/Info.plist;
				INFOPLIST_KEY_UIApplicationSupportsIndirectInputEvents = YES;
				INFOPLIST_KEY_UILaunchStoryboardName = LaunchScreen;
				INFOPLIST_KEY_UIMainStoryboardFile = Main;
				INFOPLIST_KEY_UISupportedInterfaceOrientations_iPad = "UIInterfaceOrientationPortrait UIInterfaceOrientationPortraitUpsideDown UIInterfaceOrientationLandscapeLeft UIInterfaceOrientationLandscapeRight";
				INFOPLIST_KEY_UISupportedInterfaceOrientations_iPhone = "UIInterfaceOrientationPortrait UIInterfaceOrientationLandscapeLeft UIInterfaceOrientationLandscapeRight";
				LD_RUNPATH_SEARCH_PATHS = (
					"$(inherited)",
					"@executable_path/Frameworks",
				);
				MARKETING_VERSION = 1.0;
				PRODUCT_BUNDLE_IDENTIFIER = com.Day36;
				PRODUCT_NAME = "$(TARGET_NAME)";
				SWIFT_EMIT_LOC_STRINGS = YES;
				SWIFT_VERSION = 5.0;
				TARGETED_DEVICE_FAMILY = "1,2";
			};
			name = Debug;
		};
		138CEC6227B03DB200CDF545 /* Release */ = {
			isa = XCBuildConfiguration;
			buildSettings = {
				ASSETCATALOG_COMPILER_APPICON_NAME = AppIcon;
				ASSETCATALOG_COMPILER_GLOBAL_ACCENT_COLOR_NAME = AccentColor;
				CODE_SIGN_STYLE = Automatic;
				CURRENT_PROJECT_VERSION = 1;
				GENERATE_INFOPLIST_FILE = YES;
				INFOPLIST_FILE = Day36/Info.plist;
				INFOPLIST_KEY_UIApplicationSupportsIndirectInputEvents = YES;
				INFOPLIST_KEY_UILaunchStoryboardName = LaunchScreen;
				INFOPLIST_KEY_UIMainStoryboardFile = Main;
				INFOPLIST_KEY_UISupportedInterfaceOrientations_iPad = "UIInterfaceOrientationPortrait UIInterfaceOrientationPortraitUpsideDown UIInterfaceOrientationLandscapeLeft UIInterfaceOrientationLandscapeRight";
				INFOPLIST_KEY_UISupportedInterfaceOrientations_iPhone = "UIInterfaceOrientationPortrait UIInterfaceOrientationLandscapeLeft UIInterfaceOrientationLandscapeRight";
				LD_RUNPATH_SEARCH_PATHS = (
					"$(inherited)",
					"@executable_path/Frameworks",
				);
				MARKETING_VERSION = 1.0;
				PRODUCT_BUNDLE_IDENTIFIER = com.Day36;
				PRODUCT_NAME = "$(TARGET_NAME)";
				SWIFT_EMIT_LOC_STRINGS = YES;
				SWIFT_VERSION = 5.0;
				TARGETED_DEVICE_FAMILY = "1,2";
			};
			name = Release;
		};
/* End XCBuildConfiguration section */

/* Begin XCConfigurationList section */
		138CEC4727B03DAF00CDF545 /* Build configuration list for PBXProject "Day36" */ = {
			isa = XCConfigurationList;
			buildConfigurations = (
				138CEC5E27B03DB200CDF545 /* Debug */,
				138CEC5F27B03DB200CDF545 /* Release */,
			);
			defaultConfigurationIsVisible = 0;
			defaultConfigurationName = Release;
		};
		138CEC6027B03DB200CDF545 /* Build configuration list for PBXNativeTarget "Day36" */ = {
			isa = XCConfigurationList;
			buildConfigurations = (
				138CEC6127B03DB200CDF545 /* Debug */,
				138CEC6227B03DB200CDF545 /* Release */,
			);
			defaultConfigurationIsVisible = 0;
			defaultConfigurationName = Release;
		};
/* End XCConfigurationList section */
	};
	rootObject = 138CEC4427B03DAF00CDF545 /* Project object */;
}
