// !$*UTF8*$!
{
	archiveVersion = 1;
	classes = {
	};
	objectVersion = 55;
	objects = {

/* Begin PBXBuildFile section */
		1361258627EE5DC80081672D /* AppDelegate.swift in Sources */ = {isa = PBXBuildFile; fileRef = 1361258527EE5DC80081672D /* AppDelegate.swift */; };
		1361258827EE5DC80081672D /* SceneDelegate.swift in Sources */ = {isa = PBXBuildFile; fileRef = 1361258727EE5DC80081672D /* SceneDelegate.swift */; };
		1361258A27EE5DC80081672D /* ViewController.swift in Sources */ = {isa = PBXBuildFile; fileRef = 1361258927EE5DC80081672D /* ViewController.swift */; };
		1361258D27EE5DC80081672D /* Main.storyboard in Resources */ = {isa = PBXBuildFile; fileRef = 1361258B27EE5DC80081672D /* Main.storyboard */; };
		1361258F27EE5DCC0081672D /* Assets.xcassets in Resources */ = {isa = PBXBuildFile; fileRef = 1361258E27EE5DCC0081672D /* Assets.xcassets */; };
		1361259227EE5DCC0081672D /* LaunchScreen.storyboard in Resources */ = {isa = PBXBuildFile; fileRef = 1361259027EE5DCC0081672D /* LaunchScreen.storyboard */; };
		1361259A27EE5E040081672D /* ViewController+Challenge1.swift in Sources */ = {isa = PBXBuildFile; fileRef = 1361259927EE5E040081672D /* ViewController+Challenge1.swift */; };
		1361259C27EE64FF0081672D /* ViewController+Challenge2.swift in Sources */ = {isa = PBXBuildFile; fileRef = 1361259B27EE64FF0081672D /* ViewController+Challenge2.swift */; };
		1361259E27EE689F0081672D /* ViewController+Challenge3.swift in Sources */ = {isa = PBXBuildFile; fileRef = 1361259D27EE689F0081672D /* ViewController+Challenge3.swift */; };
		136125A027EE78CF0081672D /* ViewController+Challenge4.swift in Sources */ = {isa = PBXBuildFile; fileRef = 1361259F27EE78CF0081672D /* ViewController+Challenge4.swift */; };
		136125A227EF53140081672D /* ViewController+Challenge5.swift in Sources */ = {isa = PBXBuildFile; fileRef = 136125A127EF53140081672D /* ViewController+Challenge5.swift */; };
		136125A427EF59520081672D /* ViewController+Challenge6.swift in Sources */ = {isa = PBXBuildFile; fileRef = 136125A327EF59520081672D /* ViewController+Challenge6.swift */; };
		136125A627EF5ED30081672D /* ViewController+Challenge7.swift in Sources */ = {isa = PBXBuildFile; fileRef = 136125A527EF5ED30081672D /* ViewController+Challenge7.swift */; };
		136125A827EF63480081672D /* ViewController+Challenge8.swift in Sources */ = {isa = PBXBuildFile; fileRef = 136125A727EF63480081672D /* ViewController+Challenge8.swift */; };
		136125AA27EF67EA0081672D /* ViewController+Challenge9.swift in Sources */ = {isa = PBXBuildFile; fileRef = 136125A927EF67EA0081672D /* ViewController+Challenge9.swift */; };
		136125AC27EF6E8B0081672D /* ViewController+Challenge10.swift in Sources */ = {isa = PBXBuildFile; fileRef = 136125AB27EF6E8B0081672D /* ViewController+Challenge10.swift */; };
		136125AE27EF730E0081672D /* ViewController+Challenge11.swift in Sources */ = {isa = PBXBuildFile; fileRef = 136125AD27EF730E0081672D /* ViewController+Challenge11.swift */; };
		136125B027EF77200081672D /* ViewController+Challenge12.swift in Sources */ = {isa = PBXBuildFile; fileRef = 136125AF27EF77200081672D /* ViewController+Challenge12.swift */; };
		136125B227EF7BC00081672D /* ViewController+Challenge13.swift in Sources */ = {isa = PBXBuildFile; fileRef = 136125B127EF7BC00081672D /* ViewController+Challenge13.swift */; };
		136125B427EF8B0B0081672D /* ViewController+Challenge14.swift in Sources */ = {isa = PBXBuildFile; fileRef = 136125B327EF8B0B0081672D /* ViewController+Challenge14.swift */; };
		136125B627EFA92A0081672D /* ViewController+Challenge15.swift in Sources */ = {isa = PBXBuildFile; fileRef = 136125B527EFA92A0081672D /* ViewController+Challenge15.swift */; };
		136125B827EFB0FE0081672D /* ViewController+Challenge16.swift in Sources */ = {isa = PBXBuildFile; fileRef = 136125B727EFB0FE0081672D /* ViewController+Challenge16.swift */; };
		136125BA27EFB67A0081672D /* ViewController+Challenge17.swift in Sources */ = {isa = PBXBuildFile; fileRef = 136125B927EFB6790081672D /* ViewController+Challenge17.swift */; };
		136125BC27EFBB810081672D /* ViewController+Challenge18.swift in Sources */ = {isa = PBXBuildFile; fileRef = 136125BB27EFBB810081672D /* ViewController+Challenge18.swift */; };
		136125BE27EFC0DC0081672D /* ViewController+Challenge19.swift in Sources */ = {isa = PBXBuildFile; fileRef = 136125BD27EFC0DC0081672D /* ViewController+Challenge19.swift */; };
		136125C027EFCE170081672D /* ViewController+Challenge20.swift in Sources */ = {isa = PBXBuildFile; fileRef = 136125BF27EFCE170081672D /* ViewController+Challenge20.swift */; };
		136125C227F067A20081672D /* ViewController+Challenge21.swift in Sources */ = {isa = PBXBuildFile; fileRef = 136125C127F067A20081672D /* ViewController+Challenge21.swift */; };
/* End PBXBuildFile section */

/* Begin PBXFileReference section */
		1361258227EE5DC80081672D /* HashTable.app */ = {isa = PBXFileReference; explicitFileType = wrapper.application; includeInIndex = 0; path = HashTable.app; sourceTree = BUILT_PRODUCTS_DIR; };
		1361258527EE5DC80081672D /* AppDelegate.swift */ = {isa = PBXFileReference; lastKnownFileType = sourcecode.swift; path = AppDelegate.swift; sourceTree = "<group>"; };
		1361258727EE5DC80081672D /* SceneDelegate.swift */ = {isa = PBXFileReference; lastKnownFileType = sourcecode.swift; path = SceneDelegate.swift; sourceTree = "<group>"; };
		1361258927EE5DC80081672D /* ViewController.swift */ = {isa = PBXFileReference; lastKnownFileType = sourcecode.swift; path = ViewController.swift; sourceTree = "<group>"; };
		1361258C27EE5DC80081672D /* Base */ = {isa = PBXFileReference; lastKnownFileType = file.storyboard; name = Base; path = Base.lproj/Main.storyboard; sourceTree = "<group>"; };
		1361258E27EE5DCC0081672D /* Assets.xcassets */ = {isa = PBXFileReference; lastKnownFileType = folder.assetcatalog; path = Assets.xcassets; sourceTree = "<group>"; };
		1361259127EE5DCC0081672D /* Base */ = {isa = PBXFileReference; lastKnownFileType = file.storyboard; name = Base; path = Base.lproj/LaunchScreen.storyboard; sourceTree = "<group>"; };
		1361259327EE5DCC0081672D /* Info.plist */ = {isa = PBXFileReference; lastKnownFileType = text.plist.xml; path = Info.plist; sourceTree = "<group>"; };
		1361259927EE5E040081672D /* ViewController+Challenge1.swift */ = {isa = PBXFileReference; lastKnownFileType = sourcecode.swift; path = "ViewController+Challenge1.swift"; sourceTree = "<group>"; };
		1361259B27EE64FF0081672D /* ViewController+Challenge2.swift */ = {isa = PBXFileReference; lastKnownFileType = sourcecode.swift; path = "ViewController+Challenge2.swift"; sourceTree = "<group>"; };
		1361259D27EE689F0081672D /* ViewController+Challenge3.swift */ = {isa = PBXFileReference; lastKnownFileType = sourcecode.swift; path = "ViewController+Challenge3.swift"; sourceTree = "<group>"; };
		1361259F27EE78CF0081672D /* ViewController+Challenge4.swift */ = {isa = PBXFileReference; lastKnownFileType = sourcecode.swift; path = "ViewController+Challenge4.swift"; sourceTree = "<group>"; };
		136125A127EF53140081672D /* ViewController+Challenge5.swift */ = {isa = PBXFileReference; lastKnownFileType = sourcecode.swift; path = "ViewController+Challenge5.swift"; sourceTree = "<group>"; };
		136125A327EF59520081672D /* ViewController+Challenge6.swift */ = {isa = PBXFileReference; lastKnownFileType = sourcecode.swift; path = "ViewController+Challenge6.swift"; sourceTree = "<group>"; };
		136125A527EF5ED30081672D /* ViewController+Challenge7.swift */ = {isa = PBXFileReference; lastKnownFileType = sourcecode.swift; path = "ViewController+Challenge7.swift"; sourceTree = "<group>"; };
		136125A727EF63480081672D /* ViewController+Challenge8.swift */ = {isa = PBXFileReference; lastKnownFileType = sourcecode.swift; path = "ViewController+Challenge8.swift"; sourceTree = "<group>"; };
		136125A927EF67EA0081672D /* ViewController+Challenge9.swift */ = {isa = PBXFileReference; lastKnownFileType = sourcecode.swift; path = "ViewController+Challenge9.swift"; sourceTree = "<group>"; };
		136125AB27EF6E8B0081672D /* ViewController+Challenge10.swift */ = {isa = PBXFileReference; lastKnownFileType = sourcecode.swift; path = "ViewController+Challenge10.swift"; sourceTree = "<group>"; };
		136125AD27EF730E0081672D /* ViewController+Challenge11.swift */ = {isa = PBXFileReference; lastKnownFileType = sourcecode.swift; path = "ViewController+Challenge11.swift"; sourceTree = "<group>"; };
		136125AF27EF77200081672D /* ViewController+Challenge12.swift */ = {isa = PBXFileReference; lastKnownFileType = sourcecode.swift; path = "ViewController+Challenge12.swift"; sourceTree = "<group>"; };
		136125B127EF7BC00081672D /* ViewController+Challenge13.swift */ = {isa = PBXFileReference; lastKnownFileType = sourcecode.swift; path = "ViewController+Challenge13.swift"; sourceTree = "<group>"; };
		136125B327EF8B0B0081672D /* ViewController+Challenge14.swift */ = {isa = PBXFileReference; lastKnownFileType = sourcecode.swift; path = "ViewController+Challenge14.swift"; sourceTree = "<group>"; };
		136125B527EFA92A0081672D /* ViewController+Challenge15.swift */ = {isa = PBXFileReference; lastKnownFileType = sourcecode.swift; path = "ViewController+Challenge15.swift"; sourceTree = "<group>"; };
		136125B727EFB0FE0081672D /* ViewController+Challenge16.swift */ = {isa = PBXFileReference; lastKnownFileType = sourcecode.swift; path = "ViewController+Challenge16.swift"; sourceTree = "<group>"; };
		136125B927EFB6790081672D /* ViewController+Challenge17.swift */ = {isa = PBXFileReference; lastKnownFileType = sourcecode.swift; path = "ViewController+Challenge17.swift"; sourceTree = "<group>"; };
		136125BB27EFBB810081672D /* ViewController+Challenge18.swift */ = {isa = PBXFileReference; lastKnownFileType = sourcecode.swift; path = "ViewController+Challenge18.swift"; sourceTree = "<group>"; };
		136125BD27EFC0DC0081672D /* ViewController+Challenge19.swift */ = {isa = PBXFileReference; lastKnownFileType = sourcecode.swift; path = "ViewController+Challenge19.swift"; sourceTree = "<group>"; };
		136125BF27EFCE170081672D /* ViewController+Challenge20.swift */ = {isa = PBXFileReference; lastKnownFileType = sourcecode.swift; path = "ViewController+Challenge20.swift"; sourceTree = "<group>"; };
		136125C127F067A20081672D /* ViewController+Challenge21.swift */ = {isa = PBXFileReference; lastKnownFileType = sourcecode.swift; path = "ViewController+Challenge21.swift"; sourceTree = "<group>"; };
/* End PBXFileReference section */

/* Begin PBXFrameworksBuildPhase section */
		1361257F27EE5DC80081672D /* Frameworks */ = {
			isa = PBXFrameworksBuildPhase;
			buildActionMask = 2147483647;
			files = (
			);
			runOnlyForDeploymentPostprocessing = 0;
		};
/* End PBXFrameworksBuildPhase section */

/* Begin PBXGroup section */
		1361257927EE5DC80081672D = {
			isa = PBXGroup;
			children = (
				1361258427EE5DC80081672D /* HashTable */,
				1361258327EE5DC80081672D /* Products */,
			);
			sourceTree = "<group>";
		};
		1361258327EE5DC80081672D /* Products */ = {
			isa = PBXGroup;
			children = (
				1361258227EE5DC80081672D /* HashTable.app */,
			);
			name = Products;
			sourceTree = "<group>";
		};
		1361258427EE5DC80081672D /* HashTable */ = {
			isa = PBXGroup;
			children = (
				1361258527EE5DC80081672D /* AppDelegate.swift */,
				1361258727EE5DC80081672D /* SceneDelegate.swift */,
				1361258927EE5DC80081672D /* ViewController.swift */,
				1361259927EE5E040081672D /* ViewController+Challenge1.swift */,
				1361259B27EE64FF0081672D /* ViewController+Challenge2.swift */,
				1361259D27EE689F0081672D /* ViewController+Challenge3.swift */,
				1361259F27EE78CF0081672D /* ViewController+Challenge4.swift */,
				136125A127EF53140081672D /* ViewController+Challenge5.swift */,
				136125A327EF59520081672D /* ViewController+Challenge6.swift */,
				136125A527EF5ED30081672D /* ViewController+Challenge7.swift */,
				136125A727EF63480081672D /* ViewController+Challenge8.swift */,
				136125A927EF67EA0081672D /* ViewController+Challenge9.swift */,
				136125AB27EF6E8B0081672D /* ViewController+Challenge10.swift */,
				136125AD27EF730E0081672D /* ViewController+Challenge11.swift */,
				136125AF27EF77200081672D /* ViewController+Challenge12.swift */,
				136125B127EF7BC00081672D /* ViewController+Challenge13.swift */,
				136125B327EF8B0B0081672D /* ViewController+Challenge14.swift */,
				136125B527EFA92A0081672D /* ViewController+Challenge15.swift */,
				136125B727EFB0FE0081672D /* ViewController+Challenge16.swift */,
				136125B927EFB6790081672D /* ViewController+Challenge17.swift */,
				136125BB27EFBB810081672D /* ViewController+Challenge18.swift */,
				136125BD27EFC0DC0081672D /* ViewController+Challenge19.swift */,
				136125BF27EFCE170081672D /* ViewController+Challenge20.swift */,
				136125C127F067A20081672D /* ViewController+Challenge21.swift */,
				1361258B27EE5DC80081672D /* Main.storyboard */,
				1361258E27EE5DCC0081672D /* Assets.xcassets */,
				1361259027EE5DCC0081672D /* LaunchScreen.storyboard */,
				1361259327EE5DCC0081672D /* Info.plist */,
			);
			path = HashTable;
			sourceTree = "<group>";
		};
/* End PBXGroup section */

/* Begin PBXNativeTarget section */
		1361258127EE5DC80081672D /* HashTable */ = {
			isa = PBXNativeTarget;
			buildConfigurationList = 1361259627EE5DCC0081672D /* Build configuration list for PBXNativeTarget "HashTable" */;
			buildPhases = (
				1361257E27EE5DC80081672D /* Sources */,
				1361257F27EE5DC80081672D /* Frameworks */,
				1361258027EE5DC80081672D /* Resources */,
			);
			buildRules = (
			);
			dependencies = (
			);
			name = HashTable;
			productName = HashTable;
			productReference = 1361258227EE5DC80081672D /* HashTable.app */;
			productType = "com.apple.product-type.application";
		};
/* End PBXNativeTarget section */

/* Begin PBXProject section */
		1361257A27EE5DC80081672D /* Project object */ = {
			isa = PBXProject;
			attributes = {
				BuildIndependentTargetsInParallel = 1;
				LastSwiftUpdateCheck = 1300;
				LastUpgradeCheck = 1300;
				TargetAttributes = {
					1361258127EE5DC80081672D = {
						CreatedOnToolsVersion = 13.0;
					};
				};
			};
			buildConfigurationList = 1361257D27EE5DC80081672D /* Build configuration list for PBXProject "HashTable" */;
			compatibilityVersion = "Xcode 13.0";
			developmentRegion = en;
			hasScannedForEncodings = 0;
			knownRegions = (
				en,
				Base,
			);
			mainGroup = 1361257927EE5DC80081672D;
			productRefGroup = 1361258327EE5DC80081672D /* Products */;
			projectDirPath = "";
			projectRoot = "";
			targets = (
				1361258127EE5DC80081672D /* HashTable */,
			);
		};
/* End PBXProject section */

/* Begin PBXResourcesBuildPhase section */
		1361258027EE5DC80081672D /* Resources */ = {
			isa = PBXResourcesBuildPhase;
			buildActionMask = 2147483647;
			files = (
				1361259227EE5DCC0081672D /* LaunchScreen.storyboard in Resources */,
				1361258F27EE5DCC0081672D /* Assets.xcassets in Resources */,
				1361258D27EE5DC80081672D /* Main.storyboard in Resources */,
			);
			runOnlyForDeploymentPostprocessing = 0;
		};
/* End PBXResourcesBuildPhase section */

/* Begin PBXSourcesBuildPhase section */
		1361257E27EE5DC80081672D /* Sources */ = {
			isa = PBXSourcesBuildPhase;
			buildActionMask = 2147483647;
			files = (
				136125BA27EFB67A0081672D /* ViewController+Challenge17.swift in Sources */,
				1361259A27EE5E040081672D /* ViewController+Challenge1.swift in Sources */,
				1361258A27EE5DC80081672D /* ViewController.swift in Sources */,
				136125B627EFA92A0081672D /* ViewController+Challenge15.swift in Sources */,
				136125A627EF5ED30081672D /* ViewController+Challenge7.swift in Sources */,
				1361259E27EE689F0081672D /* ViewController+Challenge3.swift in Sources */,
				136125AA27EF67EA0081672D /* ViewController+Challenge9.swift in Sources */,
				136125C027EFCE170081672D /* ViewController+Challenge20.swift in Sources */,
				136125B027EF77200081672D /* ViewController+Challenge12.swift in Sources */,
				136125BC27EFBB810081672D /* ViewController+Challenge18.swift in Sources */,
				136125B427EF8B0B0081672D /* ViewController+Challenge14.swift in Sources */,
				136125A427EF59520081672D /* ViewController+Challenge6.swift in Sources */,
				1361258627EE5DC80081672D /* AppDelegate.swift in Sources */,
				136125B227EF7BC00081672D /* ViewController+Challenge13.swift in Sources */,
				136125C227F067A20081672D /* ViewController+Challenge21.swift in Sources */,
				136125A227EF53140081672D /* ViewController+Challenge5.swift in Sources */,
				136125AE27EF730E0081672D /* ViewController+Challenge11.swift in Sources */,
				136125A027EE78CF0081672D /* ViewController+Challenge4.swift in Sources */,
				136125A827EF63480081672D /* ViewController+Challenge8.swift in Sources */,
				136125AC27EF6E8B0081672D /* ViewController+Challenge10.swift in Sources */,
				1361258827EE5DC80081672D /* SceneDelegate.swift in Sources */,
				136125B827EFB0FE0081672D /* ViewController+Challenge16.swift in Sources */,
				136125BE27EFC0DC0081672D /* ViewController+Challenge19.swift in Sources */,
				1361259C27EE64FF0081672D /* ViewController+Challenge2.swift in Sources */,
			);
			runOnlyForDeploymentPostprocessing = 0;
		};
/* End PBXSourcesBuildPhase section */

/* Begin PBXVariantGroup section */
		1361258B27EE5DC80081672D /* Main.storyboard */ = {
			isa = PBXVariantGroup;
			children = (
				1361258C27EE5DC80081672D /* Base */,
			);
			name = Main.storyboard;
			sourceTree = "<group>";
		};
		1361259027EE5DCC0081672D /* LaunchScreen.storyboard */ = {
			isa = PBXVariantGroup;
			children = (
				1361259127EE5DCC0081672D /* Base */,
			);
			name = LaunchScreen.storyboard;
			sourceTree = "<group>";
		};
/* End PBXVariantGroup section */

/* Begin XCBuildConfiguration section */
		1361259427EE5DCC0081672D /* Debug */ = {
			isa = XCBuildConfiguration;
			buildSettings = {
				ALWAYS_SEARCH_USER_PATHS = NO;
				CLANG_ANALYZER_NONNULL = YES;
				CLANG_ANALYZER_NUMBER_OBJECT_CONVERSION = YES_AGGRESSIVE;
				CLANG_CXX_LANGUAGE_STANDARD = "gnu++17";
				CLANG_CXX_LIBRARY = "libc++";
				CLANG_ENABLE_MODULES = YES;
				CLANG_ENABLE_OBJC_ARC = YES;
				CLANG_ENABLE_OBJC_WEAK = YES;
				CLANG_WARN_BLOCK_CAPTURE_AUTORELEASING = YES;
				CLANG_WARN_BOOL_CONVERSION = YES;
				CLANG_WARN_COMMA = YES;
				CLANG_WARN_CONSTANT_CONVERSION = YES;
				CLANG_WARN_DEPRECATED_OBJC_IMPLEMENTATIONS = YES;
				CLANG_WARN_DIRECT_OBJC_ISA_USAGE = YES_ERROR;
				CLANG_WARN_DOCUMENTATION_COMMENTS = YES;
				CLANG_WARN_EMPTY_BODY = YES;
				CLANG_WARN_ENUM_CONVERSION = YES;
				CLANG_WARN_INFINITE_RECURSION = YES;
				CLANG_WARN_INT_CONVERSION = YES;
				CLANG_WARN_NON_LITERAL_NULL_CONVERSION = YES;
				CLANG_WARN_OBJC_IMPLICIT_RETAIN_SELF = YES;
				CLANG_WARN_OBJC_LITERAL_CONVERSION = YES;
				CLANG_WARN_OBJC_ROOT_CLASS = YES_ERROR;
				CLANG_WARN_QUOTED_INCLUDE_IN_FRAMEWORK_HEADER = YES;
				CLANG_WARN_RANGE_LOOP_ANALYSIS = YES;
				CLANG_WARN_STRICT_PROTOTYPES = YES;
				CLANG_WARN_SUSPICIOUS_MOVE = YES;
				CLANG_WARN_UNGUARDED_AVAILABILITY = YES_AGGRESSIVE;
				CLANG_WARN_UNREACHABLE_CODE = YES;
				CLANG_WARN__DUPLICATE_METHOD_MATCH = YES;
				COPY_PHASE_STRIP = NO;
				DEBUG_INFORMATION_FORMAT = dwarf;
				ENABLE_STRICT_OBJC_MSGSEND = YES;
				ENABLE_TESTABILITY = YES;
				GCC_C_LANGUAGE_STANDARD = gnu11;
				GCC_DYNAMIC_NO_PIC = NO;
				GCC_NO_COMMON_BLOCKS = YES;
				GCC_OPTIMIZATION_LEVEL = 0;
				GCC_PREPROCESSOR_DEFINITIONS = (
					"DEBUG=1",
					"$(inherited)",
				);
				GCC_WARN_64_TO_32_BIT_CONVERSION = YES;
				GCC_WARN_ABOUT_RETURN_TYPE = YES_ERROR;
				GCC_WARN_UNDECLARED_SELECTOR = YES;
				GCC_WARN_UNINITIALIZED_AUTOS = YES_AGGRESSIVE;
				GCC_WARN_UNUSED_FUNCTION = YES;
				GCC_WARN_UNUSED_VARIABLE = YES;
				IPHONEOS_DEPLOYMENT_TARGET = 15.0;
				MTL_ENABLE_DEBUG_INFO = INCLUDE_SOURCE;
				MTL_FAST_MATH = YES;
				ONLY_ACTIVE_ARCH = YES;
				SDKROOT = iphoneos;
				SWIFT_ACTIVE_COMPILATION_CONDITIONS = DEBUG;
				SWIFT_OPTIMIZATION_LEVEL = "-Onone";
			};
			name = Debug;
		};
		1361259527EE5DCC0081672D /* Release */ = {
			isa = XCBuildConfiguration;
			buildSettings = {
				ALWAYS_SEARCH_USER_PATHS = NO;
				CLANG_ANALYZER_NONNULL = YES;
				CLANG_ANALYZER_NUMBER_OBJECT_CONVERSION = YES_AGGRESSIVE;
				CLANG_CXX_LANGUAGE_STANDARD = "gnu++17";
				CLANG_CXX_LIBRARY = "libc++";
				CLANG_ENABLE_MODULES = YES;
				CLANG_ENABLE_OBJC_ARC = YES;
				CLANG_ENABLE_OBJC_WEAK = YES;
				CLANG_WARN_BLOCK_CAPTURE_AUTORELEASING = YES;
				CLANG_WARN_BOOL_CONVERSION = YES;
				CLANG_WARN_COMMA = YES;
				CLANG_WARN_CONSTANT_CONVERSION = YES;
				CLANG_WARN_DEPRECATED_OBJC_IMPLEMENTATIONS = YES;
				CLANG_WARN_DIRECT_OBJC_ISA_USAGE = YES_ERROR;
				CLANG_WARN_DOCUMENTATION_COMMENTS = YES;
				CLANG_WARN_EMPTY_BODY = YES;
				CLANG_WARN_ENUM_CONVERSION = YES;
				CLANG_WARN_INFINITE_RECURSION = YES;
				CLANG_WARN_INT_CONVERSION = YES;
				CLANG_WARN_NON_LITERAL_NULL_CONVERSION = YES;
				CLANG_WARN_OBJC_IMPLICIT_RETAIN_SELF = YES;
				CLANG_WARN_OBJC_LITERAL_CONVERSION = YES;
				CLANG_WARN_OBJC_ROOT_CLASS = YES_ERROR;
				CLANG_WARN_QUOTED_INCLUDE_IN_FRAMEWORK_HEADER = YES;
				CLANG_WARN_RANGE_LOOP_ANALYSIS = YES;
				CLANG_WARN_STRICT_PROTOTYPES = YES;
				CLANG_WARN_SUSPICIOUS_MOVE = YES;
				CLANG_WARN_UNGUARDED_AVAILABILITY = YES_AGGRESSIVE;
				CLANG_WARN_UNREACHABLE_CODE = YES;
				CLANG_WARN__DUPLICATE_METHOD_MATCH = YES;
				COPY_PHASE_STRIP = NO;
				DEBUG_INFORMATION_FORMAT = "dwarf-with-dsym";
				ENABLE_NS_ASSERTIONS = NO;
				ENABLE_STRICT_OBJC_MSGSEND = YES;
				GCC_C_LANGUAGE_STANDARD = gnu11;
				GCC_NO_COMMON_BLOCKS = YES;
				GCC_WARN_64_TO_32_BIT_CONVERSION = YES;
				GCC_WARN_ABOUT_RETURN_TYPE = YES_ERROR;
				GCC_WARN_UNDECLARED_SELECTOR = YES;
				GCC_WARN_UNINITIALIZED_AUTOS = YES_AGGRESSIVE;
				GCC_WARN_UNUSED_FUNCTION = YES;
				GCC_WARN_UNUSED_VARIABLE = YES;
				IPHONEOS_DEPLOYMENT_TARGET = 15.0;
				MTL_ENABLE_DEBUG_INFO = NO;
				MTL_FAST_MATH = YES;
				SDKROOT = iphoneos;
				SWIFT_COMPILATION_MODE = wholemodule;
				SWIFT_OPTIMIZATION_LEVEL = "-O";
				VALIDATE_PRODUCT = YES;
			};
			name = Release;
		};
		1361259727EE5DCC0081672D /* Debug */ = {
			isa = XCBuildConfiguration;
			buildSettings = {
				ASSETCATALOG_COMPILER_APPICON_NAME = AppIcon;
				ASSETCATALOG_COMPILER_GLOBAL_ACCENT_COLOR_NAME = AccentColor;
				CODE_SIGN_STYLE = Automatic;
				CURRENT_PROJECT_VERSION = 1;
				GENERATE_INFOPLIST_FILE = YES;
				INFOPLIST_FILE = HashTable/Info.plist;
				INFOPLIST_KEY_UIApplicationSupportsIndirectInputEvents = YES;
				INFOPLIST_KEY_UILaunchStoryboardName = LaunchScreen;
				INFOPLIST_KEY_UIMainStoryboardFile = Main;
				INFOPLIST_KEY_UISupportedInterfaceOrientations_iPad = "UIInterfaceOrientationPortrait UIInterfaceOrientationPortraitUpsideDown UIInterfaceOrientationLandscapeLeft UIInterfaceOrientationLandscapeRight";
				INFOPLIST_KEY_UISupportedInterfaceOrientations_iPhone = "UIInterfaceOrientationPortrait UIInterfaceOrientationLandscapeLeft UIInterfaceOrientationLandscapeRight";
				LD_RUNPATH_SEARCH_PATHS = (
					"$(inherited)",
					"@executable_path/Frameworks",
				);
				MARKETING_VERSION = 1.0;
				PRODUCT_BUNDLE_IDENTIFIER = com.HashTable;
				PRODUCT_NAME = "$(TARGET_NAME)";
				SWIFT_EMIT_LOC_STRINGS = YES;
				SWIFT_VERSION = 5.0;
				TARGETED_DEVICE_FAMILY = "1,2";
			};
			name = Debug;
		};
		1361259827EE5DCC0081672D /* Release */ = {
			isa = XCBuildConfiguration;
			buildSettings = {
				ASSETCATALOG_COMPILER_APPICON_NAME = AppIcon;
				ASSETCATALOG_COMPILER_GLOBAL_ACCENT_COLOR_NAME = AccentColor;
				CODE_SIGN_STYLE = Automatic;
				CURRENT_PROJECT_VERSION = 1;
				GENERATE_INFOPLIST_FILE = YES;
				INFOPLIST_FILE = HashTable/Info.plist;
				INFOPLIST_KEY_UIApplicationSupportsIndirectInputEvents = YES;
				INFOPLIST_KEY_UILaunchStoryboardName = LaunchScreen;
				INFOPLIST_KEY_UIMainStoryboardFile = Main;
				INFOPLIST_KEY_UISupportedInterfaceOrientations_iPad = "UIInterfaceOrientationPortrait UIInterfaceOrientationPortraitUpsideDown UIInterfaceOrientationLandscapeLeft UIInterfaceOrientationLandscapeRight";
				INFOPLIST_KEY_UISupportedInterfaceOrientations_iPhone = "UIInterfaceOrientationPortrait UIInterfaceOrientationLandscapeLeft UIInterfaceOrientationLandscapeRight";
				LD_RUNPATH_SEARCH_PATHS = (
					"$(inherited)",
					"@executable_path/Frameworks",
				);
				MARKETING_VERSION = 1.0;
				PRODUCT_BUNDLE_IDENTIFIER = com.HashTable;
				PRODUCT_NAME = "$(TARGET_NAME)";
				SWIFT_EMIT_LOC_STRINGS = YES;
				SWIFT_VERSION = 5.0;
				TARGETED_DEVICE_FAMILY = "1,2";
			};
			name = Release;
		};
/* End XCBuildConfiguration section */

/* Begin XCConfigurationList section */
		1361257D27EE5DC80081672D /* Build configuration list for PBXProject "HashTable" */ = {
			isa = XCConfigurationList;
			buildConfigurations = (
				1361259427EE5DCC0081672D /* Debug */,
				1361259527EE5DCC0081672D /* Release */,
			);
			defaultConfigurationIsVisible = 0;
			defaultConfigurationName = Release;
		};
		1361259627EE5DCC0081672D /* Build configuration list for PBXNativeTarget "HashTable" */ = {
			isa = XCConfigurationList;
			buildConfigurations = (
				1361259727EE5DCC0081672D /* Debug */,
				1361259827EE5DCC0081672D /* Release */,
			);
			defaultConfigurationIsVisible = 0;
			defaultConfigurationName = Release;
		};
/* End XCConfigurationList section */
	};
	rootObject = 1361257A27EE5DC80081672D /* Project object */;
}
