// !$*UTF8*$!
{
	archiveVersion = 1;
	classes = {
	};
	objectVersion = 55;
	objects = {

/* Begin PBXBuildFile section */
		1361252627EA41DB0081672D /* ViewController+Problem5.swift in Sources */ = {isa = PBXBuildFile; fileRef = 1361252527EA41DB0081672D /* ViewController+Problem5.swift */; };
		1361252827EA4E920081672D /* ViewController+Problem6.swift in Sources */ = {isa = PBXBuildFile; fileRef = 1361252727EA4E920081672D /* ViewController+Problem6.swift */; };
		1361252A27EA557C0081672D /* ViewController+Problem7.swift in Sources */ = {isa = PBXBuildFile; fileRef = 1361252927EA557C0081672D /* ViewController+Problem7.swift */; };
		1361252C27EA57700081672D /* ViewController+Problem8.swift in Sources */ = {isa = PBXBuildFile; fileRef = 1361252B27EA57700081672D /* ViewController+Problem8.swift */; };
		1361252E27EA5E630081672D /* ViewController+Problem9.swift in Sources */ = {isa = PBXBuildFile; fileRef = 1361252D27EA5E630081672D /* ViewController+Problem9.swift */; };
		1361253027EA66650081672D /* ViewController+Problem10.swift in Sources */ = {isa = PBXBuildFile; fileRef = 1361252F27EA66650081672D /* ViewController+Problem10.swift */; };
		1361255227EBA1760081672D /* ViewController+Problem11.swift in Sources */ = {isa = PBXBuildFile; fileRef = 1361255127EBA1760081672D /* ViewController+Problem11.swift */; };
		1361255427EBA3D20081672D /* ViewController+Problem12.swift in Sources */ = {isa = PBXBuildFile; fileRef = 1361255327EBA3D20081672D /* ViewController+Problem12.swift */; };
		13C1CD2427E86BDA008AF400 /* AppDelegate.swift in Sources */ = {isa = PBXBuildFile; fileRef = 13C1CD2327E86BDA008AF400 /* AppDelegate.swift */; };
		13C1CD2627E86BDA008AF400 /* SceneDelegate.swift in Sources */ = {isa = PBXBuildFile; fileRef = 13C1CD2527E86BDA008AF400 /* SceneDelegate.swift */; };
		13C1CD2827E86BDA008AF400 /* ViewController.swift in Sources */ = {isa = PBXBuildFile; fileRef = 13C1CD2727E86BDA008AF400 /* ViewController.swift */; };
		13C1CD2B27E86BDA008AF400 /* Main.storyboard in Resources */ = {isa = PBXBuildFile; fileRef = 13C1CD2927E86BDA008AF400 /* Main.storyboard */; };
		13C1CD2D27E86BDE008AF400 /* Assets.xcassets in Resources */ = {isa = PBXBuildFile; fileRef = 13C1CD2C27E86BDE008AF400 /* Assets.xcassets */; };
		13C1CD3027E86BDE008AF400 /* LaunchScreen.storyboard in Resources */ = {isa = PBXBuildFile; fileRef = 13C1CD2E27E86BDE008AF400 /* LaunchScreen.storyboard */; };
		13C1CD3827E86BF3008AF400 /* ViewController+Problem1.swift in Sources */ = {isa = PBXBuildFile; fileRef = 13C1CD3727E86BF3008AF400 /* ViewController+Problem1.swift */; };
		13C1CD3A27E876E2008AF400 /* ViewController+Problem2.swift in Sources */ = {isa = PBXBuildFile; fileRef = 13C1CD3927E876E2008AF400 /* ViewController+Problem2.swift */; };
		13FE15DA27E9006B008D7394 /* ViewController+Problem3.swift in Sources */ = {isa = PBXBuildFile; fileRef = 13FE15D927E9006B008D7394 /* ViewController+Problem3.swift */; };
		13FE15DC27E90510008D7394 /* ViewController+Problem4.swift in Sources */ = {isa = PBXBuildFile; fileRef = 13FE15DB27E90510008D7394 /* ViewController+Problem4.swift */; };
/* End PBXBuildFile section */

/* Begin PBXFileReference section */
		1361252527EA41DB0081672D /* ViewController+Problem5.swift */ = {isa = PBXFileReference; lastKnownFileType = sourcecode.swift; path = "ViewController+Problem5.swift"; sourceTree = "<group>"; };
		1361252727EA4E920081672D /* ViewController+Problem6.swift */ = {isa = PBXFileReference; lastKnownFileType = sourcecode.swift; path = "ViewController+Problem6.swift"; sourceTree = "<group>"; };
		1361252927EA557C0081672D /* ViewController+Problem7.swift */ = {isa = PBXFileReference; lastKnownFileType = sourcecode.swift; path = "ViewController+Problem7.swift"; sourceTree = "<group>"; };
		1361252B27EA57700081672D /* ViewController+Problem8.swift */ = {isa = PBXFileReference; lastKnownFileType = sourcecode.swift; path = "ViewController+Problem8.swift"; sourceTree = "<group>"; };
		1361252D27EA5E630081672D /* ViewController+Problem9.swift */ = {isa = PBXFileReference; lastKnownFileType = sourcecode.swift; path = "ViewController+Problem9.swift"; sourceTree = "<group>"; };
		1361252F27EA66650081672D /* ViewController+Problem10.swift */ = {isa = PBXFileReference; lastKnownFileType = sourcecode.swift; path = "ViewController+Problem10.swift"; sourceTree = "<group>"; };
		1361255127EBA1760081672D /* ViewController+Problem11.swift */ = {isa = PBXFileReference; lastKnownFileType = sourcecode.swift; path = "ViewController+Problem11.swift"; sourceTree = "<group>"; };
		1361255327EBA3D20081672D /* ViewController+Problem12.swift */ = {isa = PBXFileReference; lastKnownFileType = sourcecode.swift; path = "ViewController+Problem12.swift"; sourceTree = "<group>"; };
		13C1CD2027E86BDA008AF400 /* Recursion.app */ = {isa = PBXFileReference; explicitFileType = wrapper.application; includeInIndex = 0; path = Recursion.app; sourceTree = BUILT_PRODUCTS_DIR; };
		13C1CD2327E86BDA008AF400 /* AppDelegate.swift */ = {isa = PBXFileReference; lastKnownFileType = sourcecode.swift; path = AppDelegate.swift; sourceTree = "<group>"; };
		13C1CD2527E86BDA008AF400 /* SceneDelegate.swift */ = {isa = PBXFileReference; lastKnownFileType = sourcecode.swift; path = SceneDelegate.swift; sourceTree = "<group>"; };
		13C1CD2727E86BDA008AF400 /* ViewController.swift */ = {isa = PBXFileReference; lastKnownFileType = sourcecode.swift; path = ViewController.swift; sourceTree = "<group>"; };
		13C1CD2A27E86BDA008AF400 /* Base */ = {isa = PBXFileReference; lastKnownFileType = file.storyboard; name = Base; path = Base.lproj/Main.storyboard; sourceTree = "<group>"; };
		13C1CD2C27E86BDE008AF400 /* Assets.xcassets */ = {isa = PBXFileReference; lastKnownFileType = folder.assetcatalog; path = Assets.xcassets; sourceTree = "<group>"; };
		13C1CD2F27E86BDE008AF400 /* Base */ = {isa = PBXFileReference; lastKnownFileType = file.storyboard; name = Base; path = Base.lproj/LaunchScreen.storyboard; sourceTree = "<group>"; };
		13C1CD3127E86BDE008AF400 /* Info.plist */ = {isa = PBXFileReference; lastKnownFileType = text.plist.xml; path = Info.plist; sourceTree = "<group>"; };
		13C1CD3727E86BF3008AF400 /* ViewController+Problem1.swift */ = {isa = PBXFileReference; lastKnownFileType = sourcecode.swift; path = "ViewController+Problem1.swift"; sourceTree = "<group>"; };
		13C1CD3927E876E2008AF400 /* ViewController+Problem2.swift */ = {isa = PBXFileReference; lastKnownFileType = sourcecode.swift; path = "ViewController+Problem2.swift"; sourceTree = "<group>"; };
		13FE15D927E9006B008D7394 /* ViewController+Problem3.swift */ = {isa = PBXFileReference; lastKnownFileType = sourcecode.swift; path = "ViewController+Problem3.swift"; sourceTree = "<group>"; };
		13FE15DB27E90510008D7394 /* ViewController+Problem4.swift */ = {isa = PBXFileReference; lastKnownFileType = sourcecode.swift; path = "ViewController+Problem4.swift"; sourceTree = "<group>"; };
/* End PBXFileReference section */

/* Begin PBXFrameworksBuildPhase section */
		13C1CD1D27E86BDA008AF400 /* Frameworks */ = {
			isa = PBXFrameworksBuildPhase;
			buildActionMask = 2147483647;
			files = (
			);
			runOnlyForDeploymentPostprocessing = 0;
		};
/* End PBXFrameworksBuildPhase section */

/* Begin PBXGroup section */
		13C1CD1727E86BDA008AF400 = {
			isa = PBXGroup;
			children = (
				13C1CD2227E86BDA008AF400 /* Recursion */,
				13C1CD2127E86BDA008AF400 /* Products */,
			);
			sourceTree = "<group>";
		};
		13C1CD2127E86BDA008AF400 /* Products */ = {
			isa = PBXGroup;
			children = (
				13C1CD2027E86BDA008AF400 /* Recursion.app */,
			);
			name = Products;
			sourceTree = "<group>";
		};
		13C1CD2227E86BDA008AF400 /* Recursion */ = {
			isa = PBXGroup;
			children = (
				13C1CD2327E86BDA008AF400 /* AppDelegate.swift */,
				13C1CD2527E86BDA008AF400 /* SceneDelegate.swift */,
				13C1CD2727E86BDA008AF400 /* ViewController.swift */,
				13C1CD3727E86BF3008AF400 /* ViewController+Problem1.swift */,
				13C1CD3927E876E2008AF400 /* ViewController+Problem2.swift */,
				13FE15D927E9006B008D7394 /* ViewController+Problem3.swift */,
				13FE15DB27E90510008D7394 /* ViewController+Problem4.swift */,
				1361252527EA41DB0081672D /* ViewController+Problem5.swift */,
				1361252727EA4E920081672D /* ViewController+Problem6.swift */,
				1361252927EA557C0081672D /* ViewController+Problem7.swift */,
				1361252B27EA57700081672D /* ViewController+Problem8.swift */,
				1361252D27EA5E630081672D /* ViewController+Problem9.swift */,
				1361252F27EA66650081672D /* ViewController+Problem10.swift */,
				1361255127EBA1760081672D /* ViewController+Problem11.swift */,
				1361255327EBA3D20081672D /* ViewController+Problem12.swift */,
				13C1CD2927E86BDA008AF400 /* Main.storyboard */,
				13C1CD2C27E86BDE008AF400 /* Assets.xcassets */,
				13C1CD2E27E86BDE008AF400 /* LaunchScreen.storyboard */,
				13C1CD3127E86BDE008AF400 /* Info.plist */,
			);
			path = Recursion;
			sourceTree = "<group>";
		};
/* End PBXGroup section */

/* Begin PBXNativeTarget section */
		13C1CD1F27E86BDA008AF400 /* Recursion */ = {
			isa = PBXNativeTarget;
			buildConfigurationList = 13C1CD3427E86BDE008AF400 /* Build configuration list for PBXNativeTarget "Recursion" */;
			buildPhases = (
				13C1CD1C27E86BDA008AF400 /* Sources */,
				13C1CD1D27E86BDA008AF400 /* Frameworks */,
				13C1CD1E27E86BDA008AF400 /* Resources */,
			);
			buildRules = (
			);
			dependencies = (
			);
			name = Recursion;
			productName = Recursion;
			productReference = 13C1CD2027E86BDA008AF400 /* Recursion.app */;
			productType = "com.apple.product-type.application";
		};
/* End PBXNativeTarget section */

/* Begin PBXProject section */
		13C1CD1827E86BDA008AF400 /* Project object */ = {
			isa = PBXProject;
			attributes = {
				BuildIndependentTargetsInParallel = 1;
				LastSwiftUpdateCheck = 1300;
				LastUpgradeCheck = 1300;
				TargetAttributes = {
					13C1CD1F27E86BDA008AF400 = {
						CreatedOnToolsVersion = 13.0;
					};
				};
			};
			buildConfigurationList = 13C1CD1B27E86BDA008AF400 /* Build configuration list for PBXProject "Recursion" */;
			compatibilityVersion = "Xcode 13.0";
			developmentRegion = en;
			hasScannedForEncodings = 0;
			knownRegions = (
				en,
				Base,
			);
			mainGroup = 13C1CD1727E86BDA008AF400;
			productRefGroup = 13C1CD2127E86BDA008AF400 /* Products */;
			projectDirPath = "";
			projectRoot = "";
			targets = (
				13C1CD1F27E86BDA008AF400 /* Recursion */,
			);
		};
/* End PBXProject section */

/* Begin PBXResourcesBuildPhase section */
		13C1CD1E27E86BDA008AF400 /* Resources */ = {
			isa = PBXResourcesBuildPhase;
			buildActionMask = 2147483647;
			files = (
				13C1CD3027E86BDE008AF400 /* LaunchScreen.storyboard in Resources */,
				13C1CD2D27E86BDE008AF400 /* Assets.xcassets in Resources */,
				13C1CD2B27E86BDA008AF400 /* Main.storyboard in Resources */,
			);
			runOnlyForDeploymentPostprocessing = 0;
		};
/* End PBXResourcesBuildPhase section */

/* Begin PBXSourcesBuildPhase section */
		13C1CD1C27E86BDA008AF400 /* Sources */ = {
			isa = PBXSourcesBuildPhase;
			buildActionMask = 2147483647;
			files = (
				1361255227EBA1760081672D /* ViewController+Problem11.swift in Sources */,
				1361252E27EA5E630081672D /* ViewController+Problem9.swift in Sources */,
				1361252827EA4E920081672D /* ViewController+Problem6.swift in Sources */,
				1361252627EA41DB0081672D /* ViewController+Problem5.swift in Sources */,
				13C1CD3827E86BF3008AF400 /* ViewController+Problem1.swift in Sources */,
				13C1CD2827E86BDA008AF400 /* ViewController.swift in Sources */,
				1361252C27EA57700081672D /* ViewController+Problem8.swift in Sources */,
				1361252A27EA557C0081672D /* ViewController+Problem7.swift in Sources */,
				13FE15DC27E90510008D7394 /* ViewController+Problem4.swift in Sources */,
				1361253027EA66650081672D /* ViewController+Problem10.swift in Sources */,
				13FE15DA27E9006B008D7394 /* ViewController+Problem3.swift in Sources */,
				13C1CD2427E86BDA008AF400 /* AppDelegate.swift in Sources */,
				1361255427EBA3D20081672D /* ViewController+Problem12.swift in Sources */,
				13C1CD3A27E876E2008AF400 /* ViewController+Problem2.swift in Sources */,
				13C1CD2627E86BDA008AF400 /* SceneDelegate.swift in Sources */,
			);
			runOnlyForDeploymentPostprocessing = 0;
		};
/* End PBXSourcesBuildPhase section */

/* Begin PBXVariantGroup section */
		13C1CD2927E86BDA008AF400 /* Main.storyboard */ = {
			isa = PBXVariantGroup;
			children = (
				13C1CD2A27E86BDA008AF400 /* Base */,
			);
			name = Main.storyboard;
			sourceTree = "<group>";
		};
		13C1CD2E27E86BDE008AF400 /* LaunchScreen.storyboard */ = {
			isa = PBXVariantGroup;
			children = (
				13C1CD2F27E86BDE008AF400 /* Base */,
			);
			name = LaunchScreen.storyboard;
			sourceTree = "<group>";
		};
/* End PBXVariantGroup section */

/* Begin XCBuildConfiguration section */
		13C1CD3227E86BDE008AF400 /* Debug */ = {
			isa = XCBuildConfiguration;
			buildSettings = {
				ALWAYS_SEARCH_USER_PATHS = NO;
				CLANG_ANALYZER_NONNULL = YES;
				CLANG_ANALYZER_NUMBER_OBJECT_CONVERSION = YES_AGGRESSIVE;
				CLANG_CXX_LANGUAGE_STANDARD = "gnu++17";
				CLANG_CXX_LIBRARY = "libc++";
				CLANG_ENABLE_MODULES = YES;
				CLANG_ENABLE_OBJC_ARC = YES;
				CLANG_ENABLE_OBJC_WEAK = YES;
				CLANG_WARN_BLOCK_CAPTURE_AUTORELEASING = YES;
				CLANG_WARN_BOOL_CONVERSION = YES;
				CLANG_WARN_COMMA = YES;
				CLANG_WARN_CONSTANT_CONVERSION = YES;
				CLANG_WARN_DEPRECATED_OBJC_IMPLEMENTATIONS = YES;
				CLANG_WARN_DIRECT_OBJC_ISA_USAGE = YES_ERROR;
				CLANG_WARN_DOCUMENTATION_COMMENTS = YES;
				CLANG_WARN_EMPTY_BODY = YES;
				CLANG_WARN_ENUM_CONVERSION = YES;
				CLANG_WARN_INFINITE_RECURSION = YES;
				CLANG_WARN_INT_CONVERSION = YES;
				CLANG_WARN_NON_LITERAL_NULL_CONVERSION = YES;
				CLANG_WARN_OBJC_IMPLICIT_RETAIN_SELF = YES;
				CLANG_WARN_OBJC_LITERAL_CONVERSION = YES;
				CLANG_WARN_OBJC_ROOT_CLASS = YES_ERROR;
				CLANG_WARN_QUOTED_INCLUDE_IN_FRAMEWORK_HEADER = YES;
				CLANG_WARN_RANGE_LOOP_ANALYSIS = YES;
				CLANG_WARN_STRICT_PROTOTYPES = YES;
				CLANG_WARN_SUSPICIOUS_MOVE = YES;
				CLANG_WARN_UNGUARDED_AVAILABILITY = YES_AGGRESSIVE;
				CLANG_WARN_UNREACHABLE_CODE = YES;
				CLANG_WARN__DUPLICATE_METHOD_MATCH = YES;
				COPY_PHASE_STRIP = NO;
				DEBUG_INFORMATION_FORMAT = dwarf;
				ENABLE_STRICT_OBJC_MSGSEND = YES;
				ENABLE_TESTABILITY = YES;
				GCC_C_LANGUAGE_STANDARD = gnu11;
				GCC_DYNAMIC_NO_PIC = NO;
				GCC_NO_COMMON_BLOCKS = YES;
				GCC_OPTIMIZATION_LEVEL = 0;
				GCC_PREPROCESSOR_DEFINITIONS = (
					"DEBUG=1",
					"$(inherited)",
				);
				GCC_WARN_64_TO_32_BIT_CONVERSION = YES;
				GCC_WARN_ABOUT_RETURN_TYPE = YES_ERROR;
				GCC_WARN_UNDECLARED_SELECTOR = YES;
				GCC_WARN_UNINITIALIZED_AUTOS = YES_AGGRESSIVE;
				GCC_WARN_UNUSED_FUNCTION = YES;
				GCC_WARN_UNUSED_VARIABLE = YES;
				IPHONEOS_DEPLOYMENT_TARGET = 15.0;
				MTL_ENABLE_DEBUG_INFO = INCLUDE_SOURCE;
				MTL_FAST_MATH = YES;
				ONLY_ACTIVE_ARCH = YES;
				SDKROOT = iphoneos;
				SWIFT_ACTIVE_COMPILATION_CONDITIONS = DEBUG;
				SWIFT_OPTIMIZATION_LEVEL = "-Onone";
			};
			name = Debug;
		};
		13C1CD3327E86BDE008AF400 /* Release */ = {
			isa = XCBuildConfiguration;
			buildSettings = {
				ALWAYS_SEARCH_USER_PATHS = NO;
				CLANG_ANALYZER_NONNULL = YES;
				CLANG_ANALYZER_NUMBER_OBJECT_CONVERSION = YES_AGGRESSIVE;
				CLANG_CXX_LANGUAGE_STANDARD = "gnu++17";
				CLANG_CXX_LIBRARY = "libc++";
				CLANG_ENABLE_MODULES = YES;
				CLANG_ENABLE_OBJC_ARC = YES;
				CLANG_ENABLE_OBJC_WEAK = YES;
				CLANG_WARN_BLOCK_CAPTURE_AUTORELEASING = YES;
				CLANG_WARN_BOOL_CONVERSION = YES;
				CLANG_WARN_COMMA = YES;
				CLANG_WARN_CONSTANT_CONVERSION = YES;
				CLANG_WARN_DEPRECATED_OBJC_IMPLEMENTATIONS = YES;
				CLANG_WARN_DIRECT_OBJC_ISA_USAGE = YES_ERROR;
				CLANG_WARN_DOCUMENTATION_COMMENTS = YES;
				CLANG_WARN_EMPTY_BODY = YES;
				CLANG_WARN_ENUM_CONVERSION = YES;
				CLANG_WARN_INFINITE_RECURSION = YES;
				CLANG_WARN_INT_CONVERSION = YES;
				CLANG_WARN_NON_LITERAL_NULL_CONVERSION = YES;
				CLANG_WARN_OBJC_IMPLICIT_RETAIN_SELF = YES;
				CLANG_WARN_OBJC_LITERAL_CONVERSION = YES;
				CLANG_WARN_OBJC_ROOT_CLASS = YES_ERROR;
				CLANG_WARN_QUOTED_INCLUDE_IN_FRAMEWORK_HEADER = YES;
				CLANG_WARN_RANGE_LOOP_ANALYSIS = YES;
				CLANG_WARN_STRICT_PROTOTYPES = YES;
				CLANG_WARN_SUSPICIOUS_MOVE = YES;
				CLANG_WARN_UNGUARDED_AVAILABILITY = YES_AGGRESSIVE;
				CLANG_WARN_UNREACHABLE_CODE = YES;
				CLANG_WARN__DUPLICATE_METHOD_MATCH = YES;
				COPY_PHASE_STRIP = NO;
				DEBUG_INFORMATION_FORMAT = "dwarf-with-dsym";
				ENABLE_NS_ASSERTIONS = NO;
				ENABLE_STRICT_OBJC_MSGSEND = YES;
				GCC_C_LANGUAGE_STANDARD = gnu11;
				GCC_NO_COMMON_BLOCKS = YES;
				GCC_WARN_64_TO_32_BIT_CONVERSION = YES;
				GCC_WARN_ABOUT_RETURN_TYPE = YES_ERROR;
				GCC_WARN_UNDECLARED_SELECTOR = YES;
				GCC_WARN_UNINITIALIZED_AUTOS = YES_AGGRESSIVE;
				GCC_WARN_UNUSED_FUNCTION = YES;
				GCC_WARN_UNUSED_VARIABLE = YES;
				IPHONEOS_DEPLOYMENT_TARGET = 15.0;
				MTL_ENABLE_DEBUG_INFO = NO;
				MTL_FAST_MATH = YES;
				SDKROOT = iphoneos;
				SWIFT_COMPILATION_MODE = wholemodule;
				SWIFT_OPTIMIZATION_LEVEL = "-O";
				VALIDATE_PRODUCT = YES;
			};
			name = Release;
		};
		13C1CD3527E86BDE008AF400 /* Debug */ = {
			isa = XCBuildConfiguration;
			buildSettings = {
				ASSETCATALOG_COMPILER_APPICON_NAME = AppIcon;
				ASSETCATALOG_COMPILER_GLOBAL_ACCENT_COLOR_NAME = AccentColor;
				CODE_SIGN_STYLE = Automatic;
				CURRENT_PROJECT_VERSION = 1;
				GENERATE_INFOPLIST_FILE = YES;
				INFOPLIST_FILE = Recursion/Info.plist;
				INFOPLIST_KEY_UIApplicationSupportsIndirectInputEvents = YES;
				INFOPLIST_KEY_UILaunchStoryboardName = LaunchScreen;
				INFOPLIST_KEY_UIMainStoryboardFile = Main;
				INFOPLIST_KEY_UISupportedInterfaceOrientations_iPad = "UIInterfaceOrientationPortrait UIInterfaceOrientationPortraitUpsideDown UIInterfaceOrientationLandscapeLeft UIInterfaceOrientationLandscapeRight";
				INFOPLIST_KEY_UISupportedInterfaceOrientations_iPhone = "UIInterfaceOrientationPortrait UIInterfaceOrientationLandscapeLeft UIInterfaceOrientationLandscapeRight";
				LD_RUNPATH_SEARCH_PATHS = (
					"$(inherited)",
					"@executable_path/Frameworks",
				);
				MARKETING_VERSION = 1.0;
				PRODUCT_BUNDLE_IDENTIFIER = com.Recursion;
				PRODUCT_NAME = "$(TARGET_NAME)";
				SWIFT_EMIT_LOC_STRINGS = YES;
				SWIFT_VERSION = 5.0;
				TARGETED_DEVICE_FAMILY = "1,2";
			};
			name = Debug;
		};
		13C1CD3627E86BDE008AF400 /* Release */ = {
			isa = XCBuildConfiguration;
			buildSettings = {
				ASSETCATALOG_COMPILER_APPICON_NAME = AppIcon;
				ASSETCATALOG_COMPILER_GLOBAL_ACCENT_COLOR_NAME = AccentColor;
				CODE_SIGN_STYLE = Automatic;
				CURRENT_PROJECT_VERSION = 1;
				GENERATE_INFOPLIST_FILE = YES;
				INFOPLIST_FILE = Recursion/Info.plist;
				INFOPLIST_KEY_UIApplicationSupportsIndirectInputEvents = YES;
				INFOPLIST_KEY_UILaunchStoryboardName = LaunchScreen;
				INFOPLIST_KEY_UIMainStoryboardFile = Main;
				INFOPLIST_KEY_UISupportedInterfaceOrientations_iPad = "UIInterfaceOrientationPortrait UIInterfaceOrientationPortraitUpsideDown UIInterfaceOrientationLandscapeLeft UIInterfaceOrientationLandscapeRight";
				INFOPLIST_KEY_UISupportedInterfaceOrientations_iPhone = "UIInterfaceOrientationPortrait UIInterfaceOrientationLandscapeLeft UIInterfaceOrientationLandscapeRight";
				LD_RUNPATH_SEARCH_PATHS = (
					"$(inherited)",
					"@executable_path/Frameworks",
				);
				MARKETING_VERSION = 1.0;
				PRODUCT_BUNDLE_IDENTIFIER = com.Recursion;
				PRODUCT_NAME = "$(TARGET_NAME)";
				SWIFT_EMIT_LOC_STRINGS = YES;
				SWIFT_VERSION = 5.0;
				TARGETED_DEVICE_FAMILY = "1,2";
			};
			name = Release;
		};
/* End XCBuildConfiguration section */

/* Begin XCConfigurationList section */
		13C1CD1B27E86BDA008AF400 /* Build configuration list for PBXProject "Recursion" */ = {
			isa = XCConfigurationList;
			buildConfigurations = (
				13C1CD3227E86BDE008AF400 /* Debug */,
				13C1CD3327E86BDE008AF400 /* Release */,
			);
			defaultConfigurationIsVisible = 0;
			defaultConfigurationName = Release;
		};
		13C1CD3427E86BDE008AF400 /* Build configuration list for PBXNativeTarget "Recursion" */ = {
			isa = XCConfigurationList;
			buildConfigurations = (
				13C1CD3527E86BDE008AF400 /* Debug */,
				13C1CD3627E86BDE008AF400 /* Release */,
			);
			defaultConfigurationIsVisible = 0;
			defaultConfigurationName = Release;
		};
/* End XCConfigurationList section */
	};
	rootObject = 13C1CD1827E86BDA008AF400 /* Project object */;
}
