{
  "object": {
    "pins": [
      {
        "package": "dsa-reusable",
        "repositoryURL": "https://github.com/crazymanish/dsa-reusable",
        "state": {
          "branch": "main",
          "revision": "678f416f0f099e43b90fd40e9195a5d6cba72748",
          "version": null
        }
      }
    ]
  },
  "version": 1
}
