{
  "object": {
    "pins": [
      {
        "package": "dsa-reusable",
        "repositoryURL": "https://github.com/crazymanish/dsa-reusable",
        "state": {
          "branch": "main",
          "revision": "065f53dbc9585838edd14b0f289675892f01dd24",
          "version": null
        }
      }
    ]
  },
  "version": 1
}
