// !$*UTF8*$!
{
	archiveVersion = 1;
	classes = {
	};
	objectVersion = 55;
	objects = {

/* Begin PBXBuildFile section */
		13C1CCE627E690F4008AF400 /* AppDelegate.swift in Sources */ = {isa = PBXBuildFile; fileRef = 13C1CCE527E690F4008AF400 /* AppDelegate.swift */; };
		13C1CCE827E690F4008AF400 /* SceneDelegate.swift in Sources */ = {isa = PBXBuildFile; fileRef = 13C1CCE727E690F4008AF400 /* SceneDelegate.swift */; };
		13C1CCEA27E690F4008AF400 /* ViewController.swift in Sources */ = {isa = PBXBuildFile; fileRef = 13C1CCE927E690F4008AF400 /* ViewController.swift */; };
		13C1CCED27E690F4008AF400 /* Main.storyboard in Resources */ = {isa = PBXBuildFile; fileRef = 13C1CCEB27E690F4008AF400 /* Main.storyboard */; };
		13C1CCEF27E690F7008AF400 /* Assets.xcassets in Resources */ = {isa = PBXBuildFile; fileRef = 13C1CCEE27E690F7008AF400 /* Assets.xcassets */; };
		13C1CCF227E690F7008AF400 /* LaunchScreen.storyboard in Resources */ = {isa = PBXBuildFile; fileRef = 13C1CCF027E690F7008AF400 /* LaunchScreen.storyboard */; };
		13C1CCFA27E69146008AF400 /* ViewController+Problem1.swift in Sources */ = {isa = PBXBuildFile; fileRef = 13C1CCF927E69146008AF400 /* ViewController+Problem1.swift */; };
		13C1CCFE27E6A814008AF400 /* SlidingWindow.swift in Sources */ = {isa = PBXBuildFile; fileRef = 13C1CCFD27E6A814008AF400 /* SlidingWindow.swift */; };
		13C1CD0027E6B757008AF400 /* ViewController+Problem2.swift in Sources */ = {isa = PBXBuildFile; fileRef = 13C1CCFF27E6B757008AF400 /* ViewController+Problem2.swift */; };
		13C1CD0227E6C3EA008AF400 /* ViewController+Problem3.swift in Sources */ = {isa = PBXBuildFile; fileRef = 13C1CD0127E6C3EA008AF400 /* ViewController+Problem3.swift */; };
		13C1CD0427E6C64F008AF400 /* Queue.swift in Sources */ = {isa = PBXBuildFile; fileRef = 13C1CD0327E6C64F008AF400 /* Queue.swift */; };
		13C1CD0627E6D663008AF400 /* ViewController+Problem4.swift in Sources */ = {isa = PBXBuildFile; fileRef = 13C1CD0527E6D663008AF400 /* ViewController+Problem4.swift */; };
		13C1CD0827E72C2E008AF400 /* ViewController+Problem5.swift in Sources */ = {isa = PBXBuildFile; fileRef = 13C1CD0727E72C2E008AF400 /* ViewController+Problem5.swift */; };
		13C1CD0A27E73831008AF400 /* ViewController+Problem6.swift in Sources */ = {isa = PBXBuildFile; fileRef = 13C1CD0927E73831008AF400 /* ViewController+Problem6.swift */; };
		13C1CD0C27E7447E008AF400 /* ViewController+Problem7.swift in Sources */ = {isa = PBXBuildFile; fileRef = 13C1CD0B27E7447E008AF400 /* ViewController+Problem7.swift */; };
		13C1CD0E27E75790008AF400 /* ViewController+Problem8.swift in Sources */ = {isa = PBXBuildFile; fileRef = 13C1CD0D27E75790008AF400 /* ViewController+Problem8.swift */; };
		13C1CD1027E77F66008AF400 /* ViewController+Problem9.swift in Sources */ = {isa = PBXBuildFile; fileRef = 13C1CD0F27E77F66008AF400 /* ViewController+Problem9.swift */; };
		13C1CD1227E79E11008AF400 /* ViewController+Problem10.swift in Sources */ = {isa = PBXBuildFile; fileRef = 13C1CD1127E79E11008AF400 /* ViewController+Problem10.swift */; };
		13C1CD1427E7AEE5008AF400 /* ViewController+Problem11.swift in Sources */ = {isa = PBXBuildFile; fileRef = 13C1CD1327E7AEE5008AF400 /* ViewController+Problem11.swift */; };
		13C1CD1627E7B92F008AF400 /* ViewController+Problem12.swift in Sources */ = {isa = PBXBuildFile; fileRef = 13C1CD1527E7B92F008AF400 /* ViewController+Problem12.swift */; };
/* End PBXBuildFile section */

/* Begin PBXFileReference section */
		13C1CCE227E690F4008AF400 /* SlidingWindow.app */ = {isa = PBXFileReference; explicitFileType = wrapper.application; includeInIndex = 0; path = SlidingWindow.app; sourceTree = BUILT_PRODUCTS_DIR; };
		13C1CCE527E690F4008AF400 /* AppDelegate.swift */ = {isa = PBXFileReference; lastKnownFileType = sourcecode.swift; path = AppDelegate.swift; sourceTree = "<group>"; };
		13C1CCE727E690F4008AF400 /* SceneDelegate.swift */ = {isa = PBXFileReference; lastKnownFileType = sourcecode.swift; path = SceneDelegate.swift; sourceTree = "<group>"; };
		13C1CCE927E690F4008AF400 /* ViewController.swift */ = {isa = PBXFileReference; lastKnownFileType = sourcecode.swift; path = ViewController.swift; sourceTree = "<group>"; };
		13C1CCEC27E690F4008AF400 /* Base */ = {isa = PBXFileReference; lastKnownFileType = file.storyboard; name = Base; path = Base.lproj/Main.storyboard; sourceTree = "<group>"; };
		13C1CCEE27E690F7008AF400 /* Assets.xcassets */ = {isa = PBXFileReference; lastKnownFileType = folder.assetcatalog; path = Assets.xcassets; sourceTree = "<group>"; };
		13C1CCF127E690F7008AF400 /* Base */ = {isa = PBXFileReference; lastKnownFileType = file.storyboard; name = Base; path = Base.lproj/LaunchScreen.storyboard; sourceTree = "<group>"; };
		13C1CCF327E690F7008AF400 /* Info.plist */ = {isa = PBXFileReference; lastKnownFileType = text.plist.xml; path = Info.plist; sourceTree = "<group>"; };
		13C1CCF927E69146008AF400 /* ViewController+Problem1.swift */ = {isa = PBXFileReference; lastKnownFileType = sourcecode.swift; path = "ViewController+Problem1.swift"; sourceTree = "<group>"; };
		13C1CCFD27E6A814008AF400 /* SlidingWindow.swift */ = {isa = PBXFileReference; lastKnownFileType = sourcecode.swift; path = SlidingWindow.swift; sourceTree = "<group>"; };
		13C1CCFF27E6B757008AF400 /* ViewController+Problem2.swift */ = {isa = PBXFileReference; lastKnownFileType = sourcecode.swift; path = "ViewController+Problem2.swift"; sourceTree = "<group>"; };
		13C1CD0127E6C3EA008AF400 /* ViewController+Problem3.swift */ = {isa = PBXFileReference; lastKnownFileType = sourcecode.swift; path = "ViewController+Problem3.swift"; sourceTree = "<group>"; };
		13C1CD0327E6C64F008AF400 /* Queue.swift */ = {isa = PBXFileReference; lastKnownFileType = sourcecode.swift; path = Queue.swift; sourceTree = "<group>"; };
		13C1CD0527E6D663008AF400 /* ViewController+Problem4.swift */ = {isa = PBXFileReference; lastKnownFileType = sourcecode.swift; path = "ViewController+Problem4.swift"; sourceTree = "<group>"; };
		13C1CD0727E72C2E008AF400 /* ViewController+Problem5.swift */ = {isa = PBXFileReference; lastKnownFileType = sourcecode.swift; path = "ViewController+Problem5.swift"; sourceTree = "<group>"; };
		13C1CD0927E73831008AF400 /* ViewController+Problem6.swift */ = {isa = PBXFileReference; lastKnownFileType = sourcecode.swift; path = "ViewController+Problem6.swift"; sourceTree = "<group>"; };
		13C1CD0B27E7447E008AF400 /* ViewController+Problem7.swift */ = {isa = PBXFileReference; lastKnownFileType = sourcecode.swift; path = "ViewController+Problem7.swift"; sourceTree = "<group>"; };
		13C1CD0D27E75790008AF400 /* ViewController+Problem8.swift */ = {isa = PBXFileReference; lastKnownFileType = sourcecode.swift; path = "ViewController+Problem8.swift"; sourceTree = "<group>"; };
		13C1CD0F27E77F66008AF400 /* ViewController+Problem9.swift */ = {isa = PBXFileReference; lastKnownFileType = sourcecode.swift; path = "ViewController+Problem9.swift"; sourceTree = "<group>"; };
		13C1CD1127E79E11008AF400 /* ViewController+Problem10.swift */ = {isa = PBXFileReference; lastKnownFileType = sourcecode.swift; path = "ViewController+Problem10.swift"; sourceTree = "<group>"; };
		13C1CD1327E7AEE5008AF400 /* ViewController+Problem11.swift */ = {isa = PBXFileReference; lastKnownFileType = sourcecode.swift; path = "ViewController+Problem11.swift"; sourceTree = "<group>"; };
		13C1CD1527E7B92F008AF400 /* ViewController+Problem12.swift */ = {isa = PBXFileReference; lastKnownFileType = sourcecode.swift; path = "ViewController+Problem12.swift"; sourceTree = "<group>"; };
/* End PBXFileReference section */

/* Begin PBXFrameworksBuildPhase section */
		13C1CCDF27E690F4008AF400 /* Frameworks */ = {
			isa = PBXFrameworksBuildPhase;
			buildActionMask = 2147483647;
			files = (
			);
			runOnlyForDeploymentPostprocessing = 0;
		};
/* End PBXFrameworksBuildPhase section */

/* Begin PBXGroup section */
		13C1CCD927E690F4008AF400 = {
			isa = PBXGroup;
			children = (
				13C1CCE427E690F4008AF400 /* SlidingWindow */,
				13C1CCE327E690F4008AF400 /* Products */,
			);
			sourceTree = "<group>";
		};
		13C1CCE327E690F4008AF400 /* Products */ = {
			isa = PBXGroup;
			children = (
				13C1CCE227E690F4008AF400 /* SlidingWindow.app */,
			);
			name = Products;
			sourceTree = "<group>";
		};
		13C1CCE427E690F4008AF400 /* SlidingWindow */ = {
			isa = PBXGroup;
			children = (
				13C1CCE527E690F4008AF400 /* AppDelegate.swift */,
				13C1CCE727E690F4008AF400 /* SceneDelegate.swift */,
				13C1CCE927E690F4008AF400 /* ViewController.swift */,
				13C1CCFD27E6A814008AF400 /* SlidingWindow.swift */,
				13C1CD0327E6C64F008AF400 /* Queue.swift */,
				13C1CCF927E69146008AF400 /* ViewController+Problem1.swift */,
				13C1CCFF27E6B757008AF400 /* ViewController+Problem2.swift */,
				13C1CD0127E6C3EA008AF400 /* ViewController+Problem3.swift */,
				13C1CD0527E6D663008AF400 /* ViewController+Problem4.swift */,
				13C1CD0727E72C2E008AF400 /* ViewController+Problem5.swift */,
				13C1CD0927E73831008AF400 /* ViewController+Problem6.swift */,
				13C1CD0B27E7447E008AF400 /* ViewController+Problem7.swift */,
				13C1CD0D27E75790008AF400 /* ViewController+Problem8.swift */,
				13C1CD0F27E77F66008AF400 /* ViewController+Problem9.swift */,
				13C1CD1127E79E11008AF400 /* ViewController+Problem10.swift */,
				13C1CD1327E7AEE5008AF400 /* ViewController+Problem11.swift */,
				13C1CD1527E7B92F008AF400 /* ViewController+Problem12.swift */,
				13C1CCEB27E690F4008AF400 /* Main.storyboard */,
				13C1CCEE27E690F7008AF400 /* Assets.xcassets */,
				13C1CCF027E690F7008AF400 /* LaunchScreen.storyboard */,
				13C1CCF327E690F7008AF400 /* Info.plist */,
			);
			path = SlidingWindow;
			sourceTree = "<group>";
		};
/* End PBXGroup section */

/* Begin PBXNativeTarget section */
		13C1CCE127E690F4008AF400 /* SlidingWindow */ = {
			isa = PBXNativeTarget;
			buildConfigurationList = 13C1CCF627E690F7008AF400 /* Build configuration list for PBXNativeTarget "SlidingWindow" */;
			buildPhases = (
				13C1CCDE27E690F4008AF400 /* Sources */,
				13C1CCDF27E690F4008AF400 /* Frameworks */,
				13C1CCE027E690F4008AF400 /* Resources */,
			);
			buildRules = (
			);
			dependencies = (
			);
			name = SlidingWindow;
			productName = SlidingWindow;
			productReference = 13C1CCE227E690F4008AF400 /* SlidingWindow.app */;
			productType = "com.apple.product-type.application";
		};
/* End PBXNativeTarget section */

/* Begin PBXProject section */
		13C1CCDA27E690F4008AF400 /* Project object */ = {
			isa = PBXProject;
			attributes = {
				BuildIndependentTargetsInParallel = 1;
				LastSwiftUpdateCheck = 1300;
				LastUpgradeCheck = 1300;
				TargetAttributes = {
					13C1CCE127E690F4008AF400 = {
						CreatedOnToolsVersion = 13.0;
					};
				};
			};
			buildConfigurationList = 13C1CCDD27E690F4008AF400 /* Build configuration list for PBXProject "SlidingWindow" */;
			compatibilityVersion = "Xcode 13.0";
			developmentRegion = en;
			hasScannedForEncodings = 0;
			knownRegions = (
				en,
				Base,
			);
			mainGroup = 13C1CCD927E690F4008AF400;
			productRefGroup = 13C1CCE327E690F4008AF400 /* Products */;
			projectDirPath = "";
			projectRoot = "";
			targets = (
				13C1CCE127E690F4008AF400 /* SlidingWindow */,
			);
		};
/* End PBXProject section */

/* Begin PBXResourcesBuildPhase section */
		13C1CCE027E690F4008AF400 /* Resources */ = {
			isa = PBXResourcesBuildPhase;
			buildActionMask = 2147483647;
			files = (
				13C1CCF227E690F7008AF400 /* LaunchScreen.storyboard in Resources */,
				13C1CCEF27E690F7008AF400 /* Assets.xcassets in Resources */,
				13C1CCED27E690F4008AF400 /* Main.storyboard in Resources */,
			);
			runOnlyForDeploymentPostprocessing = 0;
		};
/* End PBXResourcesBuildPhase section */

/* Begin PBXSourcesBuildPhase section */
		13C1CCDE27E690F4008AF400 /* Sources */ = {
			isa = PBXSourcesBuildPhase;
			buildActionMask = 2147483647;
			files = (
				13C1CCFE27E6A814008AF400 /* SlidingWindow.swift in Sources */,
				13C1CD0227E6C3EA008AF400 /* ViewController+Problem3.swift in Sources */,
				13C1CD1027E77F66008AF400 /* ViewController+Problem9.swift in Sources */,
				13C1CD0C27E7447E008AF400 /* ViewController+Problem7.swift in Sources */,
				13C1CCFA27E69146008AF400 /* ViewController+Problem1.swift in Sources */,
				13C1CD0427E6C64F008AF400 /* Queue.swift in Sources */,
				13C1CD1427E7AEE5008AF400 /* ViewController+Problem11.swift in Sources */,
				13C1CD1227E79E11008AF400 /* ViewController+Problem10.swift in Sources */,
				13C1CD0E27E75790008AF400 /* ViewController+Problem8.swift in Sources */,
				13C1CD0627E6D663008AF400 /* ViewController+Problem4.swift in Sources */,
				13C1CCEA27E690F4008AF400 /* ViewController.swift in Sources */,
				13C1CD0027E6B757008AF400 /* ViewController+Problem2.swift in Sources */,
				13C1CCE627E690F4008AF400 /* AppDelegate.swift in Sources */,
				13C1CD0827E72C2E008AF400 /* ViewController+Problem5.swift in Sources */,
				13C1CD1627E7B92F008AF400 /* ViewController+Problem12.swift in Sources */,
				13C1CCE827E690F4008AF400 /* SceneDelegate.swift in Sources */,
				13C1CD0A27E73831008AF400 /* ViewController+Problem6.swift in Sources */,
			);
			runOnlyForDeploymentPostprocessing = 0;
		};
/* End PBXSourcesBuildPhase section */

/* Begin PBXVariantGroup section */
		13C1CCEB27E690F4008AF400 /* Main.storyboard */ = {
			isa = PBXVariantGroup;
			children = (
				13C1CCEC27E690F4008AF400 /* Base */,
			);
			name = Main.storyboard;
			sourceTree = "<group>";
		};
		13C1CCF027E690F7008AF400 /* LaunchScreen.storyboard */ = {
			isa = PBXVariantGroup;
			children = (
				13C1CCF127E690F7008AF400 /* Base */,
			);
			name = LaunchScreen.storyboard;
			sourceTree = "<group>";
		};
/* End PBXVariantGroup section */

/* Begin XCBuildConfiguration section */
		13C1CCF427E690F7008AF400 /* Debug */ = {
			isa = XCBuildConfiguration;
			buildSettings = {
				ALWAYS_SEARCH_USER_PATHS = NO;
				CLANG_ANALYZER_NONNULL = YES;
				CLANG_ANALYZER_NUMBER_OBJECT_CONVERSION = YES_AGGRESSIVE;
				CLANG_CXX_LANGUAGE_STANDARD = "gnu++17";
				CLANG_CXX_LIBRARY = "libc++";
				CLANG_ENABLE_MODULES = YES;
				CLANG_ENABLE_OBJC_ARC = YES;
				CLANG_ENABLE_OBJC_WEAK = YES;
				CLANG_WARN_BLOCK_CAPTURE_AUTORELEASING = YES;
				CLANG_WARN_BOOL_CONVERSION = YES;
				CLANG_WARN_COMMA = YES;
				CLANG_WARN_CONSTANT_CONVERSION = YES;
				CLANG_WARN_DEPRECATED_OBJC_IMPLEMENTATIONS = YES;
				CLANG_WARN_DIRECT_OBJC_ISA_USAGE = YES_ERROR;
				CLANG_WARN_DOCUMENTATION_COMMENTS = YES;
				CLANG_WARN_EMPTY_BODY = YES;
				CLANG_WARN_ENUM_CONVERSION = YES;
				CLANG_WARN_INFINITE_RECURSION = YES;
				CLANG_WARN_INT_CONVERSION = YES;
				CLANG_WARN_NON_LITERAL_NULL_CONVERSION = YES;
				CLANG_WARN_OBJC_IMPLICIT_RETAIN_SELF = YES;
				CLANG_WARN_OBJC_LITERAL_CONVERSION = YES;
				CLANG_WARN_OBJC_ROOT_CLASS = YES_ERROR;
				CLANG_WARN_QUOTED_INCLUDE_IN_FRAMEWORK_HEADER = YES;
				CLANG_WARN_RANGE_LOOP_ANALYSIS = YES;
				CLANG_WARN_STRICT_PROTOTYPES = YES;
				CLANG_WARN_SUSPICIOUS_MOVE = YES;
				CLANG_WARN_UNGUARDED_AVAILABILITY = YES_AGGRESSIVE;
				CLANG_WARN_UNREACHABLE_CODE = YES;
				CLANG_WARN__DUPLICATE_METHOD_MATCH = YES;
				COPY_PHASE_STRIP = NO;
				DEBUG_INFORMATION_FORMAT = dwarf;
				ENABLE_STRICT_OBJC_MSGSEND = YES;
				ENABLE_TESTABILITY = YES;
				GCC_C_LANGUAGE_STANDARD = gnu11;
				GCC_DYNAMIC_NO_PIC = NO;
				GCC_NO_COMMON_BLOCKS = YES;
				GCC_OPTIMIZATION_LEVEL = 0;
				GCC_PREPROCESSOR_DEFINITIONS = (
					"DEBUG=1",
					"$(inherited)",
				);
				GCC_WARN_64_TO_32_BIT_CONVERSION = YES;
				GCC_WARN_ABOUT_RETURN_TYPE = YES_ERROR;
				GCC_WARN_UNDECLARED_SELECTOR = YES;
				GCC_WARN_UNINITIALIZED_AUTOS = YES_AGGRESSIVE;
				GCC_WARN_UNUSED_FUNCTION = YES;
				GCC_WARN_UNUSED_VARIABLE = YES;
				IPHONEOS_DEPLOYMENT_TARGET = 15.0;
				MTL_ENABLE_DEBUG_INFO = INCLUDE_SOURCE;
				MTL_FAST_MATH = YES;
				ONLY_ACTIVE_ARCH = YES;
				SDKROOT = iphoneos;
				SWIFT_ACTIVE_COMPILATION_CONDITIONS = DEBUG;
				SWIFT_OPTIMIZATION_LEVEL = "-Onone";
			};
			name = Debug;
		};
		13C1CCF527E690F7008AF400 /* Release */ = {
			isa = XCBuildConfiguration;
			buildSettings = {
				ALWAYS_SEARCH_USER_PATHS = NO;
				CLANG_ANALYZER_NONNULL = YES;
				CLANG_ANALYZER_NUMBER_OBJECT_CONVERSION = YES_AGGRESSIVE;
				CLANG_CXX_LANGUAGE_STANDARD = "gnu++17";
				CLANG_CXX_LIBRARY = "libc++";
				CLANG_ENABLE_MODULES = YES;
				CLANG_ENABLE_OBJC_ARC = YES;
				CLANG_ENABLE_OBJC_WEAK = YES;
				CLANG_WARN_BLOCK_CAPTURE_AUTORELEASING = YES;
				CLANG_WARN_BOOL_CONVERSION = YES;
				CLANG_WARN_COMMA = YES;
				CLANG_WARN_CONSTANT_CONVERSION = YES;
				CLANG_WARN_DEPRECATED_OBJC_IMPLEMENTATIONS = YES;
				CLANG_WARN_DIRECT_OBJC_ISA_USAGE = YES_ERROR;
				CLANG_WARN_DOCUMENTATION_COMMENTS = YES;
				CLANG_WARN_EMPTY_BODY = YES;
				CLANG_WARN_ENUM_CONVERSION = YES;
				CLANG_WARN_INFINITE_RECURSION = YES;
				CLANG_WARN_INT_CONVERSION = YES;
				CLANG_WARN_NON_LITERAL_NULL_CONVERSION = YES;
				CLANG_WARN_OBJC_IMPLICIT_RETAIN_SELF = YES;
				CLANG_WARN_OBJC_LITERAL_CONVERSION = YES;
				CLANG_WARN_OBJC_ROOT_CLASS = YES_ERROR;
				CLANG_WARN_QUOTED_INCLUDE_IN_FRAMEWORK_HEADER = YES;
				CLANG_WARN_RANGE_LOOP_ANALYSIS = YES;
				CLANG_WARN_STRICT_PROTOTYPES = YES;
				CLANG_WARN_SUSPICIOUS_MOVE = YES;
				CLANG_WARN_UNGUARDED_AVAILABILITY = YES_AGGRESSIVE;
				CLANG_WARN_UNREACHABLE_CODE = YES;
				CLANG_WARN__DUPLICATE_METHOD_MATCH = YES;
				COPY_PHASE_STRIP = NO;
				DEBUG_INFORMATION_FORMAT = "dwarf-with-dsym";
				ENABLE_NS_ASSERTIONS = NO;
				ENABLE_STRICT_OBJC_MSGSEND = YES;
				GCC_C_LANGUAGE_STANDARD = gnu11;
				GCC_NO_COMMON_BLOCKS = YES;
				GCC_WARN_64_TO_32_BIT_CONVERSION = YES;
				GCC_WARN_ABOUT_RETURN_TYPE = YES_ERROR;
				GCC_WARN_UNDECLARED_SELECTOR = YES;
				GCC_WARN_UNINITIALIZED_AUTOS = YES_AGGRESSIVE;
				GCC_WARN_UNUSED_FUNCTION = YES;
				GCC_WARN_UNUSED_VARIABLE = YES;
				IPHONEOS_DEPLOYMENT_TARGET = 15.0;
				MTL_ENABLE_DEBUG_INFO = NO;
				MTL_FAST_MATH = YES;
				SDKROOT = iphoneos;
				SWIFT_COMPILATION_MODE = wholemodule;
				SWIFT_OPTIMIZATION_LEVEL = "-O";
				VALIDATE_PRODUCT = YES;
			};
			name = Release;
		};
		13C1CCF727E690F7008AF400 /* Debug */ = {
			isa = XCBuildConfiguration;
			buildSettings = {
				ASSETCATALOG_COMPILER_APPICON_NAME = AppIcon;
				ASSETCATALOG_COMPILER_GLOBAL_ACCENT_COLOR_NAME = AccentColor;
				CODE_SIGN_STYLE = Automatic;
				CURRENT_PROJECT_VERSION = 1;
				GENERATE_INFOPLIST_FILE = YES;
				INFOPLIST_FILE = SlidingWindow/Info.plist;
				INFOPLIST_KEY_UIApplicationSupportsIndirectInputEvents = YES;
				INFOPLIST_KEY_UILaunchStoryboardName = LaunchScreen;
				INFOPLIST_KEY_UIMainStoryboardFile = Main;
				INFOPLIST_KEY_UISupportedInterfaceOrientations_iPad = "UIInterfaceOrientationPortrait UIInterfaceOrientationPortraitUpsideDown UIInterfaceOrientationLandscapeLeft UIInterfaceOrientationLandscapeRight";
				INFOPLIST_KEY_UISupportedInterfaceOrientations_iPhone = "UIInterfaceOrientationPortrait UIInterfaceOrientationLandscapeLeft UIInterfaceOrientationLandscapeRight";
				LD_RUNPATH_SEARCH_PATHS = (
					"$(inherited)",
					"@executable_path/Frameworks",
				);
				MARKETING_VERSION = 1.0;
				PRODUCT_BUNDLE_IDENTIFIER = com.SlidingWindow;
				PRODUCT_NAME = "$(TARGET_NAME)";
				SWIFT_EMIT_LOC_STRINGS = YES;
				SWIFT_VERSION = 5.0;
				TARGETED_DEVICE_FAMILY = "1,2";
			};
			name = Debug;
		};
		13C1CCF827E690F7008AF400 /* Release */ = {
			isa = XCBuildConfiguration;
			buildSettings = {
				ASSETCATALOG_COMPILER_APPICON_NAME = AppIcon;
				ASSETCATALOG_COMPILER_GLOBAL_ACCENT_COLOR_NAME = AccentColor;
				CODE_SIGN_STYLE = Automatic;
				CURRENT_PROJECT_VERSION = 1;
				GENERATE_INFOPLIST_FILE = YES;
				INFOPLIST_FILE = SlidingWindow/Info.plist;
				INFOPLIST_KEY_UIApplicationSupportsIndirectInputEvents = YES;
				INFOPLIST_KEY_UILaunchStoryboardName = LaunchScreen;
				INFOPLIST_KEY_UIMainStoryboardFile = Main;
				INFOPLIST_KEY_UISupportedInterfaceOrientations_iPad = "UIInterfaceOrientationPortrait UIInterfaceOrientationPortraitUpsideDown UIInterfaceOrientationLandscapeLeft UIInterfaceOrientationLandscapeRight";
				INFOPLIST_KEY_UISupportedInterfaceOrientations_iPhone = "UIInterfaceOrientationPortrait UIInterfaceOrientationLandscapeLeft UIInterfaceOrientationLandscapeRight";
				LD_RUNPATH_SEARCH_PATHS = (
					"$(inherited)",
					"@executable_path/Frameworks",
				);
				MARKETING_VERSION = 1.0;
				PRODUCT_BUNDLE_IDENTIFIER = com.SlidingWindow;
				PRODUCT_NAME = "$(TARGET_NAME)";
				SWIFT_EMIT_LOC_STRINGS = YES;
				SWIFT_VERSION = 5.0;
				TARGETED_DEVICE_FAMILY = "1,2";
			};
			name = Release;
		};
/* End XCBuildConfiguration section */

/* Begin XCConfigurationList section */
		13C1CCDD27E690F4008AF400 /* Build configuration list for PBXProject "SlidingWindow" */ = {
			isa = XCConfigurationList;
			buildConfigurations = (
				13C1CCF427E690F7008AF400 /* Debug */,
				13C1CCF527E690F7008AF400 /* Release */,
			);
			defaultConfigurationIsVisible = 0;
			defaultConfigurationName = Release;
		};
		13C1CCF627E690F7008AF400 /* Build configuration list for PBXNativeTarget "SlidingWindow" */ = {
			isa = XCConfigurationList;
			buildConfigurations = (
				13C1CCF727E690F7008AF400 /* Debug */,
				13C1CCF827E690F7008AF400 /* Release */,
			);
			defaultConfigurationIsVisible = 0;
			defaultConfigurationName = Release;
		};
/* End XCConfigurationList section */
	};
	rootObject = 13C1CCDA27E690F4008AF400 /* Project object */;
}
