{
  "object": {
    "pins": [
      {
        "package": "dsa-reusable",
        "repositoryURL": "https://github.com/crazymanish/dsa-reusable",
        "state": {
          "branch": "main",
          "revision": "d7a244fb770b6a0c56708f9dbb5564fe02807aa0",
          "version": null
        }
      }
    ]
  },
  "version": 1
}
