// !$*UTF8*$!
{
	archiveVersion = 1;
	classes = {
	};
	objectVersion = 55;
	objects = {

/* Begin PBXBuildFile section */
		131D16EC2771C50A007FFE32 /* AppDelegate.swift in Sources */ = {isa = PBXBuildFile; fileRef = 131D16EB2771C50A007FFE32 /* AppDelegate.swift */; };
		131D16EE2771C50A007FFE32 /* SceneDelegate.swift in Sources */ = {isa = PBXBuildFile; fileRef = 131D16ED2771C50A007FFE32 /* SceneDelegate.swift */; };
		131D16F02771C50A007FFE32 /* ViewController.swift in Sources */ = {isa = PBXBuildFile; fileRef = 131D16EF2771C50A007FFE32 /* ViewController.swift */; };
		131D16F32771C50A007FFE32 /* Main.storyboard in Resources */ = {isa = PBXBuildFile; fileRef = 131D16F12771C50A007FFE32 /* Main.storyboard */; };
		131D16F52771C50E007FFE32 /* Assets.xcassets in Resources */ = {isa = PBXBuildFile; fileRef = 131D16F42771C50E007FFE32 /* Assets.xcassets */; };
		131D16F82771C50E007FFE32 /* LaunchScreen.storyboard in Resources */ = {isa = PBXBuildFile; fileRef = 131D16F62771C50E007FFE32 /* LaunchScreen.storyboard */; };
		131D17002771C529007FFE32 /* ViewController+Problem1.swift in Sources */ = {isa = PBXBuildFile; fileRef = 131D16FF2771C529007FFE32 /* ViewController+Problem1.swift */; };
		131D17022771C536007FFE32 /* ViewController+Problem2.swift in Sources */ = {isa = PBXBuildFile; fileRef = 131D17012771C536007FFE32 /* ViewController+Problem2.swift */; };
/* End PBXBuildFile section */

/* Begin PBXFileReference section */
		131D16E82771C50A007FFE32 /* Day8.app */ = {isa = PBXFileReference; explicitFileType = wrapper.application; includeInIndex = 0; path = Day8.app; sourceTree = BUILT_PRODUCTS_DIR; };
		131D16EB2771C50A007FFE32 /* AppDelegate.swift */ = {isa = PBXFileReference; lastKnownFileType = sourcecode.swift; path = AppDelegate.swift; sourceTree = "<group>"; };
		131D16ED2771C50A007FFE32 /* SceneDelegate.swift */ = {isa = PBXFileReference; lastKnownFileType = sourcecode.swift; path = SceneDelegate.swift; sourceTree = "<group>"; };
		131D16EF2771C50A007FFE32 /* ViewController.swift */ = {isa = PBXFileReference; lastKnownFileType = sourcecode.swift; path = ViewController.swift; sourceTree = "<group>"; };
		131D16F22771C50A007FFE32 /* Base */ = {isa = PBXFileReference; lastKnownFileType = file.storyboard; name = Base; path = Base.lproj/Main.storyboard; sourceTree = "<group>"; };
		131D16F42771C50E007FFE32 /* Assets.xcassets */ = {isa = PBXFileReference; lastKnownFileType = folder.assetcatalog; path = Assets.xcassets; sourceTree = "<group>"; };
		131D16F72771C50E007FFE32 /* Base */ = {isa = PBXFileReference; lastKnownFileType = file.storyboard; name = Base; path = Base.lproj/LaunchScreen.storyboard; sourceTree = "<group>"; };
		131D16F92771C50E007FFE32 /* Info.plist */ = {isa = PBXFileReference; lastKnownFileType = text.plist.xml; path = Info.plist; sourceTree = "<group>"; };
		131D16FF2771C529007FFE32 /* ViewController+Problem1.swift */ = {isa = PBXFileReference; lastKnownFileType = sourcecode.swift; path = "ViewController+Problem1.swift"; sourceTree = "<group>"; };
		131D17012771C536007FFE32 /* ViewController+Problem2.swift */ = {isa = PBXFileReference; lastKnownFileType = sourcecode.swift; path = "ViewController+Problem2.swift"; sourceTree = "<group>"; };
/* End PBXFileReference section */

/* Begin PBXFrameworksBuildPhase section */
		131D16E52771C50A007FFE32 /* Frameworks */ = {
			isa = PBXFrameworksBuildPhase;
			buildActionMask = 2147483647;
			files = (
			);
			runOnlyForDeploymentPostprocessing = 0;
		};
/* End PBXFrameworksBuildPhase section */

/* Begin PBXGroup section */
		131D16DF2771C50A007FFE32 = {
			isa = PBXGroup;
			children = (
				131D16EA2771C50A007FFE32 /* Day8 */,
				131D16E92771C50A007FFE32 /* Products */,
			);
			sourceTree = "<group>";
		};
		131D16E92771C50A007FFE32 /* Products */ = {
			isa = PBXGroup;
			children = (
				131D16E82771C50A007FFE32 /* Day8.app */,
			);
			name = Products;
			sourceTree = "<group>";
		};
		131D16EA2771C50A007FFE32 /* Day8 */ = {
			isa = PBXGroup;
			children = (
				131D16EB2771C50A007FFE32 /* AppDelegate.swift */,
				131D16ED2771C50A007FFE32 /* SceneDelegate.swift */,
				131D16EF2771C50A007FFE32 /* ViewController.swift */,
				131D16FF2771C529007FFE32 /* ViewController+Problem1.swift */,
				131D17012771C536007FFE32 /* ViewController+Problem2.swift */,
				131D16F12771C50A007FFE32 /* Main.storyboard */,
				131D16F42771C50E007FFE32 /* Assets.xcassets */,
				131D16F62771C50E007FFE32 /* LaunchScreen.storyboard */,
				131D16F92771C50E007FFE32 /* Info.plist */,
			);
			path = Day8;
			sourceTree = "<group>";
		};
/* End PBXGroup section */

/* Begin PBXNativeTarget section */
		131D16E72771C50A007FFE32 /* Day8 */ = {
			isa = PBXNativeTarget;
			buildConfigurationList = 131D16FC2771C50E007FFE32 /* Build configuration list for PBXNativeTarget "Day8" */;
			buildPhases = (
				131D16E42771C50A007FFE32 /* Sources */,
				131D16E52771C50A007FFE32 /* Frameworks */,
				131D16E62771C50A007FFE32 /* Resources */,
			);
			buildRules = (
			);
			dependencies = (
			);
			name = Day8;
			productName = Day8;
			productReference = 131D16E82771C50A007FFE32 /* Day8.app */;
			productType = "com.apple.product-type.application";
		};
/* End PBXNativeTarget section */

/* Begin PBXProject section */
		131D16E02771C50A007FFE32 /* Project object */ = {
			isa = PBXProject;
			attributes = {
				BuildIndependentTargetsInParallel = 1;
				LastSwiftUpdateCheck = 1300;
				LastUpgradeCheck = 1300;
				TargetAttributes = {
					131D16E72771C50A007FFE32 = {
						CreatedOnToolsVersion = 13.0;
					};
				};
			};
			buildConfigurationList = 131D16E32771C50A007FFE32 /* Build configuration list for PBXProject "Day8" */;
			compatibilityVersion = "Xcode 13.0";
			developmentRegion = en;
			hasScannedForEncodings = 0;
			knownRegions = (
				en,
				Base,
			);
			mainGroup = 131D16DF2771C50A007FFE32;
			productRefGroup = 131D16E92771C50A007FFE32 /* Products */;
			projectDirPath = "";
			projectRoot = "";
			targets = (
				131D16E72771C50A007FFE32 /* Day8 */,
			);
		};
/* End PBXProject section */

/* Begin PBXResourcesBuildPhase section */
		131D16E62771C50A007FFE32 /* Resources */ = {
			isa = PBXResourcesBuildPhase;
			buildActionMask = 2147483647;
			files = (
				131D16F82771C50E007FFE32 /* LaunchScreen.storyboard in Resources */,
				131D16F52771C50E007FFE32 /* Assets.xcassets in Resources */,
				131D16F32771C50A007FFE32 /* Main.storyboard in Resources */,
			);
			runOnlyForDeploymentPostprocessing = 0;
		};
/* End PBXResourcesBuildPhase section */

/* Begin PBXSourcesBuildPhase section */
		131D16E42771C50A007FFE32 /* Sources */ = {
			isa = PBXSourcesBuildPhase;
			buildActionMask = 2147483647;
			files = (
				131D17002771C529007FFE32 /* ViewController+Problem1.swift in Sources */,
				131D16F02771C50A007FFE32 /* ViewController.swift in Sources */,
				131D16EC2771C50A007FFE32 /* AppDelegate.swift in Sources */,
				131D17022771C536007FFE32 /* ViewController+Problem2.swift in Sources */,
				131D16EE2771C50A007FFE32 /* SceneDelegate.swift in Sources */,
			);
			runOnlyForDeploymentPostprocessing = 0;
		};
/* End PBXSourcesBuildPhase section */

/* Begin PBXVariantGroup section */
		131D16F12771C50A007FFE32 /* Main.storyboard */ = {
			isa = PBXVariantGroup;
			children = (
				131D16F22771C50A007FFE32 /* Base */,
			);
			name = Main.storyboard;
			sourceTree = "<group>";
		};
		131D16F62771C50E007FFE32 /* LaunchScreen.storyboard */ = {
			isa = PBXVariantGroup;
			children = (
				131D16F72771C50E007FFE32 /* Base */,
			);
			name = LaunchScreen.storyboard;
			sourceTree = "<group>";
		};
/* End PBXVariantGroup section */

/* Begin XCBuildConfiguration section */
		131D16FA2771C50E007FFE32 /* Debug */ = {
			isa = XCBuildConfiguration;
			buildSettings = {
				ALWAYS_SEARCH_USER_PATHS = NO;
				CLANG_ANALYZER_NONNULL = YES;
				CLANG_ANALYZER_NUMBER_OBJECT_CONVERSION = YES_AGGRESSIVE;
				CLANG_CXX_LANGUAGE_STANDARD = "gnu++17";
				CLANG_CXX_LIBRARY = "libc++";
				CLANG_ENABLE_MODULES = YES;
				CLANG_ENABLE_OBJC_ARC = YES;
				CLANG_ENABLE_OBJC_WEAK = YES;
				CLANG_WARN_BLOCK_CAPTURE_AUTORELEASING = YES;
				CLANG_WARN_BOOL_CONVERSION = YES;
				CLANG_WARN_COMMA = YES;
				CLANG_WARN_CONSTANT_CONVERSION = YES;
				CLANG_WARN_DEPRECATED_OBJC_IMPLEMENTATIONS = YES;
				CLANG_WARN_DIRECT_OBJC_ISA_USAGE = YES_ERROR;
				CLANG_WARN_DOCUMENTATION_COMMENTS = YES;
				CLANG_WARN_EMPTY_BODY = YES;
				CLANG_WARN_ENUM_CONVERSION = YES;
				CLANG_WARN_INFINITE_RECURSION = YES;
				CLANG_WARN_INT_CONVERSION = YES;
				CLANG_WARN_NON_LITERAL_NULL_CONVERSION = YES;
				CLANG_WARN_OBJC_IMPLICIT_RETAIN_SELF = YES;
				CLANG_WARN_OBJC_LITERAL_CONVERSION = YES;
				CLANG_WARN_OBJC_ROOT_CLASS = YES_ERROR;
				CLANG_WARN_QUOTED_INCLUDE_IN_FRAMEWORK_HEADER = YES;
				CLANG_WARN_RANGE_LOOP_ANALYSIS = YES;
				CLANG_WARN_STRICT_PROTOTYPES = YES;
				CLANG_WARN_SUSPICIOUS_MOVE = YES;
				CLANG_WARN_UNGUARDED_AVAILABILITY = YES_AGGRESSIVE;
				CLANG_WARN_UNREACHABLE_CODE = YES;
				CLANG_WARN__DUPLICATE_METHOD_MATCH = YES;
				COPY_PHASE_STRIP = NO;
				DEBUG_INFORMATION_FORMAT = dwarf;
				ENABLE_STRICT_OBJC_MSGSEND = YES;
				ENABLE_TESTABILITY = YES;
				GCC_C_LANGUAGE_STANDARD = gnu11;
				GCC_DYNAMIC_NO_PIC = NO;
				GCC_NO_COMMON_BLOCKS = YES;
				GCC_OPTIMIZATION_LEVEL = 0;
				GCC_PREPROCESSOR_DEFINITIONS = (
					"DEBUG=1",
					"$(inherited)",
				);
				GCC_WARN_64_TO_32_BIT_CONVERSION = YES;
				GCC_WARN_ABOUT_RETURN_TYPE = YES_ERROR;
				GCC_WARN_UNDECLARED_SELECTOR = YES;
				GCC_WARN_UNINITIALIZED_AUTOS = YES_AGGRESSIVE;
				GCC_WARN_UNUSED_FUNCTION = YES;
				GCC_WARN_UNUSED_VARIABLE = YES;
				IPHONEOS_DEPLOYMENT_TARGET = 15.0;
				MTL_ENABLE_DEBUG_INFO = INCLUDE_SOURCE;
				MTL_FAST_MATH = YES;
				ONLY_ACTIVE_ARCH = YES;
				SDKROOT = iphoneos;
				SWIFT_ACTIVE_COMPILATION_CONDITIONS = DEBUG;
				SWIFT_OPTIMIZATION_LEVEL = "-Onone";
			};
			name = Debug;
		};
		131D16FB2771C50E007FFE32 /* Release */ = {
			isa = XCBuildConfiguration;
			buildSettings = {
				ALWAYS_SEARCH_USER_PATHS = NO;
				CLANG_ANALYZER_NONNULL = YES;
				CLANG_ANALYZER_NUMBER_OBJECT_CONVERSION = YES_AGGRESSIVE;
				CLANG_CXX_LANGUAGE_STANDARD = "gnu++17";
				CLANG_CXX_LIBRARY = "libc++";
				CLANG_ENABLE_MODULES = YES;
				CLANG_ENABLE_OBJC_ARC = YES;
				CLANG_ENABLE_OBJC_WEAK = YES;
				CLANG_WARN_BLOCK_CAPTURE_AUTORELEASING = YES;
				CLANG_WARN_BOOL_CONVERSION = YES;
				CLANG_WARN_COMMA = YES;
				CLANG_WARN_CONSTANT_CONVERSION = YES;
				CLANG_WARN_DEPRECATED_OBJC_IMPLEMENTATIONS = YES;
				CLANG_WARN_DIRECT_OBJC_ISA_USAGE = YES_ERROR;
				CLANG_WARN_DOCUMENTATION_COMMENTS = YES;
				CLANG_WARN_EMPTY_BODY = YES;
				CLANG_WARN_ENUM_CONVERSION = YES;
				CLANG_WARN_INFINITE_RECURSION = YES;
				CLANG_WARN_INT_CONVERSION = YES;
				CLANG_WARN_NON_LITERAL_NULL_CONVERSION = YES;
				CLANG_WARN_OBJC_IMPLICIT_RETAIN_SELF = YES;
				CLANG_WARN_OBJC_LITERAL_CONVERSION = YES;
				CLANG_WARN_OBJC_ROOT_CLASS = YES_ERROR;
				CLANG_WARN_QUOTED_INCLUDE_IN_FRAMEWORK_HEADER = YES;
				CLANG_WARN_RANGE_LOOP_ANALYSIS = YES;
				CLANG_WARN_STRICT_PROTOTYPES = YES;
				CLANG_WARN_SUSPICIOUS_MOVE = YES;
				CLANG_WARN_UNGUARDED_AVAILABILITY = YES_AGGRESSIVE;
				CLANG_WARN_UNREACHABLE_CODE = YES;
				CLANG_WARN__DUPLICATE_METHOD_MATCH = YES;
				COPY_PHASE_STRIP = NO;
				DEBUG_INFORMATION_FORMAT = "dwarf-with-dsym";
				ENABLE_NS_ASSERTIONS = NO;
				ENABLE_STRICT_OBJC_MSGSEND = YES;
				GCC_C_LANGUAGE_STANDARD = gnu11;
				GCC_NO_COMMON_BLOCKS = YES;
				GCC_WARN_64_TO_32_BIT_CONVERSION = YES;
				GCC_WARN_ABOUT_RETURN_TYPE = YES_ERROR;
				GCC_WARN_UNDECLARED_SELECTOR = YES;
				GCC_WARN_UNINITIALIZED_AUTOS = YES_AGGRESSIVE;
				GCC_WARN_UNUSED_FUNCTION = YES;
				GCC_WARN_UNUSED_VARIABLE = YES;
				IPHONEOS_DEPLOYMENT_TARGET = 15.0;
				MTL_ENABLE_DEBUG_INFO = NO;
				MTL_FAST_MATH = YES;
				SDKROOT = iphoneos;
				SWIFT_COMPILATION_MODE = wholemodule;
				SWIFT_OPTIMIZATION_LEVEL = "-O";
				VALIDATE_PRODUCT = YES;
			};
			name = Release;
		};
		131D16FD2771C50E007FFE32 /* Debug */ = {
			isa = XCBuildConfiguration;
			buildSettings = {
				ASSETCATALOG_COMPILER_APPICON_NAME = AppIcon;
				ASSETCATALOG_COMPILER_GLOBAL_ACCENT_COLOR_NAME = AccentColor;
				CODE_SIGN_STYLE = Automatic;
				CURRENT_PROJECT_VERSION = 1;
				GENERATE_INFOPLIST_FILE = YES;
				INFOPLIST_FILE = Day8/Info.plist;
				INFOPLIST_KEY_UIApplicationSupportsIndirectInputEvents = YES;
				INFOPLIST_KEY_UILaunchStoryboardName = LaunchScreen;
				INFOPLIST_KEY_UIMainStoryboardFile = Main;
				INFOPLIST_KEY_UISupportedInterfaceOrientations_iPad = "UIInterfaceOrientationPortrait UIInterfaceOrientationPortraitUpsideDown UIInterfaceOrientationLandscapeLeft UIInterfaceOrientationLandscapeRight";
				INFOPLIST_KEY_UISupportedInterfaceOrientations_iPhone = "UIInterfaceOrientationPortrait UIInterfaceOrientationLandscapeLeft UIInterfaceOrientationLandscapeRight";
				LD_RUNPATH_SEARCH_PATHS = (
					"$(inherited)",
					"@executable_path/Frameworks",
				);
				MARKETING_VERSION = 1.0;
				PRODUCT_BUNDLE_IDENTIFIER = com.Day8;
				PRODUCT_NAME = "$(TARGET_NAME)";
				SWIFT_EMIT_LOC_STRINGS = YES;
				SWIFT_VERSION = 5.0;
				TARGETED_DEVICE_FAMILY = "1,2";
			};
			name = Debug;
		};
		131D16FE2771C50E007FFE32 /* Release */ = {
			isa = XCBuildConfiguration;
			buildSettings = {
				ASSETCATALOG_COMPILER_APPICON_NAME = AppIcon;
				ASSETCATALOG_COMPILER_GLOBAL_ACCENT_COLOR_NAME = AccentColor;
				CODE_SIGN_STYLE = Automatic;
				CURRENT_PROJECT_VERSION = 1;
				GENERATE_INFOPLIST_FILE = YES;
				INFOPLIST_FILE = Day8/Info.plist;
				INFOPLIST_KEY_UIApplicationSupportsIndirectInputEvents = YES;
				INFOPLIST_KEY_UILaunchStoryboardName = LaunchScreen;
				INFOPLIST_KEY_UIMainStoryboardFile = Main;
				INFOPLIST_KEY_UISupportedInterfaceOrientations_iPad = "UIInterfaceOrientationPortrait UIInterfaceOrientationPortraitUpsideDown UIInterfaceOrientationLandscapeLeft UIInterfaceOrientationLandscapeRight";
				INFOPLIST_KEY_UISupportedInterfaceOrientations_iPhone = "UIInterfaceOrientationPortrait UIInterfaceOrientationLandscapeLeft UIInterfaceOrientationLandscapeRight";
				LD_RUNPATH_SEARCH_PATHS = (
					"$(inherited)",
					"@executable_path/Frameworks",
				);
				MARKETING_VERSION = 1.0;
				PRODUCT_BUNDLE_IDENTIFIER = com.Day8;
				PRODUCT_NAME = "$(TARGET_NAME)";
				SWIFT_EMIT_LOC_STRINGS = YES;
				SWIFT_VERSION = 5.0;
				TARGETED_DEVICE_FAMILY = "1,2";
			};
			name = Release;
		};
/* End XCBuildConfiguration section */

/* Begin XCConfigurationList section */
		131D16E32771C50A007FFE32 /* Build configuration list for PBXProject "Day8" */ = {
			isa = XCConfigurationList;
			buildConfigurations = (
				131D16FA2771C50E007FFE32 /* Debug */,
				131D16FB2771C50E007FFE32 /* Release */,
			);
			defaultConfigurationIsVisible = 0;
			defaultConfigurationName = Release;
		};
		131D16FC2771C50E007FFE32 /* Build configuration list for PBXNativeTarget "Day8" */ = {
			isa = XCConfigurationList;
			buildConfigurations = (
				131D16FD2771C50E007FFE32 /* Debug */,
				131D16FE2771C50E007FFE32 /* Release */,
			);
			defaultConfigurationIsVisible = 0;
			defaultConfigurationName = Release;
		};
/* End XCConfigurationList section */
	};
	rootObject = 131D16E02771C50A007FFE32 /* Project object */;
}
