{
  "object": {
    "pins": [
      {
        "package": "dsa-reusable",
        "repositoryURL": "https://github.com/crazymanish/dsa-reusable",
        "state": {
          "branch": "main",
          "revision": "105188be4da8f96c064b66480e28f82c0e83e5d8",
          "version": null
        }
      }
    ]
  },
  "version": 1
}
