{
  "object": {
    "pins": [
      {
        "package": "dsa-reusable",
        "repositoryURL": "https://github.com/crazymanish/dsa-reusable",
        "state": {
          "branch": "main",
          "revision": "00cdd61b98e3e15476110782484f541f53cee68a",
          "version": null
        }
      }
    ]
  },
  "version": 1
}
