// !$*UTF8*$!
{
	archiveVersion = 1;
	classes = {
	};
	objectVersion = 55;
	objects = {

/* Begin PBXBuildFile section */
		138A8666278B741C00CDA6C2 /* AppDelegate.swift in Sources */ = {isa = PBXBuildFile; fileRef = 138A8665278B741C00CDA6C2 /* AppDelegate.swift */; };
		138A8668278B741C00CDA6C2 /* SceneDelegate.swift in Sources */ = {isa = PBXBuildFile; fileRef = 138A8667278B741C00CDA6C2 /* SceneDelegate.swift */; };
		138A866A278B741C00CDA6C2 /* ViewController.swift in Sources */ = {isa = PBXBuildFile; fileRef = 138A8669278B741C00CDA6C2 /* ViewController.swift */; };
		138A866D278B741C00CDA6C2 /* Main.storyboard in Resources */ = {isa = PBXBuildFile; fileRef = 138A866B278B741C00CDA6C2 /* Main.storyboard */; };
		138A866F278B741F00CDA6C2 /* Assets.xcassets in Resources */ = {isa = PBXBuildFile; fileRef = 138A866E278B741F00CDA6C2 /* Assets.xcassets */; };
		138A8672278B741F00CDA6C2 /* LaunchScreen.storyboard in Resources */ = {isa = PBXBuildFile; fileRef = 138A8670278B741F00CDA6C2 /* LaunchScreen.storyboard */; };
		138A867B278B744700CDA6C2 /* dsa-reusable in Frameworks */ = {isa = PBXBuildFile; productRef = 138A867A278B744700CDA6C2 /* dsa-reusable */; };
		138A867D278B748600CDA6C2 /* ViewController+Problem1.swift in Sources */ = {isa = PBXBuildFile; fileRef = 138A867C278B748600CDA6C2 /* ViewController+Problem1.swift */; };
		138A867F278B749200CDA6C2 /* ViewController+Problem2.swift in Sources */ = {isa = PBXBuildFile; fileRef = 138A867E278B749200CDA6C2 /* ViewController+Problem2.swift */; };
/* End PBXBuildFile section */

/* Begin PBXFileReference section */
		138A8662278B741C00CDA6C2 /* Day27.app */ = {isa = PBXFileReference; explicitFileType = wrapper.application; includeInIndex = 0; path = Day27.app; sourceTree = BUILT_PRODUCTS_DIR; };
		138A8665278B741C00CDA6C2 /* AppDelegate.swift */ = {isa = PBXFileReference; lastKnownFileType = sourcecode.swift; path = AppDelegate.swift; sourceTree = "<group>"; };
		138A8667278B741C00CDA6C2 /* SceneDelegate.swift */ = {isa = PBXFileReference; lastKnownFileType = sourcecode.swift; path = SceneDelegate.swift; sourceTree = "<group>"; };
		138A8669278B741C00CDA6C2 /* ViewController.swift */ = {isa = PBXFileReference; lastKnownFileType = sourcecode.swift; path = ViewController.swift; sourceTree = "<group>"; };
		138A866C278B741C00CDA6C2 /* Base */ = {isa = PBXFileReference; lastKnownFileType = file.storyboard; name = Base; path = Base.lproj/Main.storyboard; sourceTree = "<group>"; };
		138A866E278B741F00CDA6C2 /* Assets.xcassets */ = {isa = PBXFileReference; lastKnownFileType = folder.assetcatalog; path = Assets.xcassets; sourceTree = "<group>"; };
		138A8671278B741F00CDA6C2 /* Base */ = {isa = PBXFileReference; lastKnownFileType = file.storyboard; name = Base; path = Base.lproj/LaunchScreen.storyboard; sourceTree = "<group>"; };
		138A8673278B741F00CDA6C2 /* Info.plist */ = {isa = PBXFileReference; lastKnownFileType = text.plist.xml; path = Info.plist; sourceTree = "<group>"; };
		138A867C278B748600CDA6C2 /* ViewController+Problem1.swift */ = {isa = PBXFileReference; lastKnownFileType = sourcecode.swift; path = "ViewController+Problem1.swift"; sourceTree = "<group>"; };
		138A867E278B749200CDA6C2 /* ViewController+Problem2.swift */ = {isa = PBXFileReference; lastKnownFileType = sourcecode.swift; path = "ViewController+Problem2.swift"; sourceTree = "<group>"; };
/* End PBXFileReference section */

/* Begin PBXFrameworksBuildPhase section */
		138A865F278B741C00CDA6C2 /* Frameworks */ = {
			isa = PBXFrameworksBuildPhase;
			buildActionMask = 2147483647;
			files = (
				138A867B278B744700CDA6C2 /* dsa-reusable in Frameworks */,
			);
			runOnlyForDeploymentPostprocessing = 0;
		};
/* End PBXFrameworksBuildPhase section */

/* Begin PBXGroup section */
		138A8659278B741C00CDA6C2 = {
			isa = PBXGroup;
			children = (
				138A8664278B741C00CDA6C2 /* Day27 */,
				138A8663278B741C00CDA6C2 /* Products */,
			);
			sourceTree = "<group>";
		};
		138A8663278B741C00CDA6C2 /* Products */ = {
			isa = PBXGroup;
			children = (
				138A8662278B741C00CDA6C2 /* Day27.app */,
			);
			name = Products;
			sourceTree = "<group>";
		};
		138A8664278B741C00CDA6C2 /* Day27 */ = {
			isa = PBXGroup;
			children = (
				138A8665278B741C00CDA6C2 /* AppDelegate.swift */,
				138A8667278B741C00CDA6C2 /* SceneDelegate.swift */,
				138A8669278B741C00CDA6C2 /* ViewController.swift */,
				138A867C278B748600CDA6C2 /* ViewController+Problem1.swift */,
				138A867E278B749200CDA6C2 /* ViewController+Problem2.swift */,
				138A866B278B741C00CDA6C2 /* Main.storyboard */,
				138A866E278B741F00CDA6C2 /* Assets.xcassets */,
				138A8670278B741F00CDA6C2 /* LaunchScreen.storyboard */,
				138A8673278B741F00CDA6C2 /* Info.plist */,
			);
			path = Day27;
			sourceTree = "<group>";
		};
/* End PBXGroup section */

/* Begin PBXNativeTarget section */
		138A8661278B741C00CDA6C2 /* Day27 */ = {
			isa = PBXNativeTarget;
			buildConfigurationList = 138A8676278B741F00CDA6C2 /* Build configuration list for PBXNativeTarget "Day27" */;
			buildPhases = (
				138A865E278B741C00CDA6C2 /* Sources */,
				138A865F278B741C00CDA6C2 /* Frameworks */,
				138A8660278B741C00CDA6C2 /* Resources */,
			);
			buildRules = (
			);
			dependencies = (
			);
			name = Day27;
			packageProductDependencies = (
				138A867A278B744700CDA6C2 /* dsa-reusable */,
			);
			productName = Day27;
			productReference = 138A8662278B741C00CDA6C2 /* Day27.app */;
			productType = "com.apple.product-type.application";
		};
/* End PBXNativeTarget section */

/* Begin PBXProject section */
		138A865A278B741C00CDA6C2 /* Project object */ = {
			isa = PBXProject;
			attributes = {
				BuildIndependentTargetsInParallel = 1;
				LastSwiftUpdateCheck = 1300;
				LastUpgradeCheck = 1300;
				TargetAttributes = {
					138A8661278B741C00CDA6C2 = {
						CreatedOnToolsVersion = 13.0;
					};
				};
			};
			buildConfigurationList = 138A865D278B741C00CDA6C2 /* Build configuration list for PBXProject "Day27" */;
			compatibilityVersion = "Xcode 13.0";
			developmentRegion = en;
			hasScannedForEncodings = 0;
			knownRegions = (
				en,
				Base,
			);
			mainGroup = 138A8659278B741C00CDA6C2;
			packageReferences = (
				138A8679278B744700CDA6C2 /* XCRemoteSwiftPackageReference "dsa-reusable" */,
			);
			productRefGroup = 138A8663278B741C00CDA6C2 /* Products */;
			projectDirPath = "";
			projectRoot = "";
			targets = (
				138A8661278B741C00CDA6C2 /* Day27 */,
			);
		};
/* End PBXProject section */

/* Begin PBXResourcesBuildPhase section */
		138A8660278B741C00CDA6C2 /* Resources */ = {
			isa = PBXResourcesBuildPhase;
			buildActionMask = 2147483647;
			files = (
				138A8672278B741F00CDA6C2 /* LaunchScreen.storyboard in Resources */,
				138A866F278B741F00CDA6C2 /* Assets.xcassets in Resources */,
				138A866D278B741C00CDA6C2 /* Main.storyboard in Resources */,
			);
			runOnlyForDeploymentPostprocessing = 0;
		};
/* End PBXResourcesBuildPhase section */

/* Begin PBXSourcesBuildPhase section */
		138A865E278B741C00CDA6C2 /* Sources */ = {
			isa = PBXSourcesBuildPhase;
			buildActionMask = 2147483647;
			files = (
				138A867D278B748600CDA6C2 /* ViewController+Problem1.swift in Sources */,
				138A866A278B741C00CDA6C2 /* ViewController.swift in Sources */,
				138A8666278B741C00CDA6C2 /* AppDelegate.swift in Sources */,
				138A867F278B749200CDA6C2 /* ViewController+Problem2.swift in Sources */,
				138A8668278B741C00CDA6C2 /* SceneDelegate.swift in Sources */,
			);
			runOnlyForDeploymentPostprocessing = 0;
		};
/* End PBXSourcesBuildPhase section */

/* Begin PBXVariantGroup section */
		138A866B278B741C00CDA6C2 /* Main.storyboard */ = {
			isa = PBXVariantGroup;
			children = (
				138A866C278B741C00CDA6C2 /* Base */,
			);
			name = Main.storyboard;
			sourceTree = "<group>";
		};
		138A8670278B741F00CDA6C2 /* LaunchScreen.storyboard */ = {
			isa = PBXVariantGroup;
			children = (
				138A8671278B741F00CDA6C2 /* Base */,
			);
			name = LaunchScreen.storyboard;
			sourceTree = "<group>";
		};
/* End PBXVariantGroup section */

/* Begin XCBuildConfiguration section */
		138A8674278B741F00CDA6C2 /* Debug */ = {
			isa = XCBuildConfiguration;
			buildSettings = {
				ALWAYS_SEARCH_USER_PATHS = NO;
				CLANG_ANALYZER_NONNULL = YES;
				CLANG_ANALYZER_NUMBER_OBJECT_CONVERSION = YES_AGGRESSIVE;
				CLANG_CXX_LANGUAGE_STANDARD = "gnu++17";
				CLANG_CXX_LIBRARY = "libc++";
				CLANG_ENABLE_MODULES = YES;
				CLANG_ENABLE_OBJC_ARC = YES;
				CLANG_ENABLE_OBJC_WEAK = YES;
				CLANG_WARN_BLOCK_CAPTURE_AUTORELEASING = YES;
				CLANG_WARN_BOOL_CONVERSION = YES;
				CLANG_WARN_COMMA = YES;
				CLANG_WARN_CONSTANT_CONVERSION = YES;
				CLANG_WARN_DEPRECATED_OBJC_IMPLEMENTATIONS = YES;
				CLANG_WARN_DIRECT_OBJC_ISA_USAGE = YES_ERROR;
				CLANG_WARN_DOCUMENTATION_COMMENTS = YES;
				CLANG_WARN_EMPTY_BODY = YES;
				CLANG_WARN_ENUM_CONVERSION = YES;
				CLANG_WARN_INFINITE_RECURSION = YES;
				CLANG_WARN_INT_CONVERSION = YES;
				CLANG_WARN_NON_LITERAL_NULL_CONVERSION = YES;
				CLANG_WARN_OBJC_IMPLICIT_RETAIN_SELF = YES;
				CLANG_WARN_OBJC_LITERAL_CONVERSION = YES;
				CLANG_WARN_OBJC_ROOT_CLASS = YES_ERROR;
				CLANG_WARN_QUOTED_INCLUDE_IN_FRAMEWORK_HEADER = YES;
				CLANG_WARN_RANGE_LOOP_ANALYSIS = YES;
				CLANG_WARN_STRICT_PROTOTYPES = YES;
				CLANG_WARN_SUSPICIOUS_MOVE = YES;
				CLANG_WARN_UNGUARDED_AVAILABILITY = YES_AGGRESSIVE;
				CLANG_WARN_UNREACHABLE_CODE = YES;
				CLANG_WARN__DUPLICATE_METHOD_MATCH = YES;
				COPY_PHASE_STRIP = NO;
				DEBUG_INFORMATION_FORMAT = dwarf;
				ENABLE_STRICT_OBJC_MSGSEND = YES;
				ENABLE_TESTABILITY = YES;
				GCC_C_LANGUAGE_STANDARD = gnu11;
				GCC_DYNAMIC_NO_PIC = NO;
				GCC_NO_COMMON_BLOCKS = YES;
				GCC_OPTIMIZATION_LEVEL = 0;
				GCC_PREPROCESSOR_DEFINITIONS = (
					"DEBUG=1",
					"$(inherited)",
				);
				GCC_WARN_64_TO_32_BIT_CONVERSION = YES;
				GCC_WARN_ABOUT_RETURN_TYPE = YES_ERROR;
				GCC_WARN_UNDECLARED_SELECTOR = YES;
				GCC_WARN_UNINITIALIZED_AUTOS = YES_AGGRESSIVE;
				GCC_WARN_UNUSED_FUNCTION = YES;
				GCC_WARN_UNUSED_VARIABLE = YES;
				IPHONEOS_DEPLOYMENT_TARGET = 15.0;
				MTL_ENABLE_DEBUG_INFO = INCLUDE_SOURCE;
				MTL_FAST_MATH = YES;
				ONLY_ACTIVE_ARCH = YES;
				SDKROOT = iphoneos;
				SWIFT_ACTIVE_COMPILATION_CONDITIONS = DEBUG;
				SWIFT_OPTIMIZATION_LEVEL = "-Onone";
			};
			name = Debug;
		};
		138A8675278B741F00CDA6C2 /* Release */ = {
			isa = XCBuildConfiguration;
			buildSettings = {
				ALWAYS_SEARCH_USER_PATHS = NO;
				CLANG_ANALYZER_NONNULL = YES;
				CLANG_ANALYZER_NUMBER_OBJECT_CONVERSION = YES_AGGRESSIVE;
				CLANG_CXX_LANGUAGE_STANDARD = "gnu++17";
				CLANG_CXX_LIBRARY = "libc++";
				CLANG_ENABLE_MODULES = YES;
				CLANG_ENABLE_OBJC_ARC = YES;
				CLANG_ENABLE_OBJC_WEAK = YES;
				CLANG_WARN_BLOCK_CAPTURE_AUTORELEASING = YES;
				CLANG_WARN_BOOL_CONVERSION = YES;
				CLANG_WARN_COMMA = YES;
				CLANG_WARN_CONSTANT_CONVERSION = YES;
				CLANG_WARN_DEPRECATED_OBJC_IMPLEMENTATIONS = YES;
				CLANG_WARN_DIRECT_OBJC_ISA_USAGE = YES_ERROR;
				CLANG_WARN_DOCUMENTATION_COMMENTS = YES;
				CLANG_WARN_EMPTY_BODY = YES;
				CLANG_WARN_ENUM_CONVERSION = YES;
				CLANG_WARN_INFINITE_RECURSION = YES;
				CLANG_WARN_INT_CONVERSION = YES;
				CLANG_WARN_NON_LITERAL_NULL_CONVERSION = YES;
				CLANG_WARN_OBJC_IMPLICIT_RETAIN_SELF = YES;
				CLANG_WARN_OBJC_LITERAL_CONVERSION = YES;
				CLANG_WARN_OBJC_ROOT_CLASS = YES_ERROR;
				CLANG_WARN_QUOTED_INCLUDE_IN_FRAMEWORK_HEADER = YES;
				CLANG_WARN_RANGE_LOOP_ANALYSIS = YES;
				CLANG_WARN_STRICT_PROTOTYPES = YES;
				CLANG_WARN_SUSPICIOUS_MOVE = YES;
				CLANG_WARN_UNGUARDED_AVAILABILITY = YES_AGGRESSIVE;
				CLANG_WARN_UNREACHABLE_CODE = YES;
				CLANG_WARN__DUPLICATE_METHOD_MATCH = YES;
				COPY_PHASE_STRIP = NO;
				DEBUG_INFORMATION_FORMAT = "dwarf-with-dsym";
				ENABLE_NS_ASSERTIONS = NO;
				ENABLE_STRICT_OBJC_MSGSEND = YES;
				GCC_C_LANGUAGE_STANDARD = gnu11;
				GCC_NO_COMMON_BLOCKS = YES;
				GCC_WARN_64_TO_32_BIT_CONVERSION = YES;
				GCC_WARN_ABOUT_RETURN_TYPE = YES_ERROR;
				GCC_WARN_UNDECLARED_SELECTOR = YES;
				GCC_WARN_UNINITIALIZED_AUTOS = YES_AGGRESSIVE;
				GCC_WARN_UNUSED_FUNCTION = YES;
				GCC_WARN_UNUSED_VARIABLE = YES;
				IPHONEOS_DEPLOYMENT_TARGET = 15.0;
				MTL_ENABLE_DEBUG_INFO = NO;
				MTL_FAST_MATH = YES;
				SDKROOT = iphoneos;
				SWIFT_COMPILATION_MODE = wholemodule;
				SWIFT_OPTIMIZATION_LEVEL = "-O";
				VALIDATE_PRODUCT = YES;
			};
			name = Release;
		};
		138A8677278B741F00CDA6C2 /* Debug */ = {
			isa = XCBuildConfiguration;
			buildSettings = {
				ASSETCATALOG_COMPILER_APPICON_NAME = AppIcon;
				ASSETCATALOG_COMPILER_GLOBAL_ACCENT_COLOR_NAME = AccentColor;
				CODE_SIGN_STYLE = Automatic;
				CURRENT_PROJECT_VERSION = 1;
				GENERATE_INFOPLIST_FILE = YES;
				INFOPLIST_FILE = Day27/Info.plist;
				INFOPLIST_KEY_UIApplicationSupportsIndirectInputEvents = YES;
				INFOPLIST_KEY_UILaunchStoryboardName = LaunchScreen;
				INFOPLIST_KEY_UIMainStoryboardFile = Main;
				INFOPLIST_KEY_UISupportedInterfaceOrientations_iPad = "UIInterfaceOrientationPortrait UIInterfaceOrientationPortraitUpsideDown UIInterfaceOrientationLandscapeLeft UIInterfaceOrientationLandscapeRight";
				INFOPLIST_KEY_UISupportedInterfaceOrientations_iPhone = "UIInterfaceOrientationPortrait UIInterfaceOrientationLandscapeLeft UIInterfaceOrientationLandscapeRight";
				LD_RUNPATH_SEARCH_PATHS = (
					"$(inherited)",
					"@executable_path/Frameworks",
				);
				MARKETING_VERSION = 1.0;
				PRODUCT_BUNDLE_IDENTIFIER = com.Day27;
				PRODUCT_NAME = "$(TARGET_NAME)";
				SWIFT_EMIT_LOC_STRINGS = YES;
				SWIFT_VERSION = 5.0;
				TARGETED_DEVICE_FAMILY = "1,2";
			};
			name = Debug;
		};
		138A8678278B741F00CDA6C2 /* Release */ = {
			isa = XCBuildConfiguration;
			buildSettings = {
				ASSETCATALOG_COMPILER_APPICON_NAME = AppIcon;
				ASSETCATALOG_COMPILER_GLOBAL_ACCENT_COLOR_NAME = AccentColor;
				CODE_SIGN_STYLE = Automatic;
				CURRENT_PROJECT_VERSION = 1;
				GENERATE_INFOPLIST_FILE = YES;
				INFOPLIST_FILE = Day27/Info.plist;
				INFOPLIST_KEY_UIApplicationSupportsIndirectInputEvents = YES;
				INFOPLIST_KEY_UILaunchStoryboardName = LaunchScreen;
				INFOPLIST_KEY_UIMainStoryboardFile = Main;
				INFOPLIST_KEY_UISupportedInterfaceOrientations_iPad = "UIInterfaceOrientationPortrait UIInterfaceOrientationPortraitUpsideDown UIInterfaceOrientationLandscapeLeft UIInterfaceOrientationLandscapeRight";
				INFOPLIST_KEY_UISupportedInterfaceOrientations_iPhone = "UIInterfaceOrientationPortrait UIInterfaceOrientationLandscapeLeft UIInterfaceOrientationLandscapeRight";
				LD_RUNPATH_SEARCH_PATHS = (
					"$(inherited)",
					"@executable_path/Frameworks",
				);
				MARKETING_VERSION = 1.0;
				PRODUCT_BUNDLE_IDENTIFIER = com.Day27;
				PRODUCT_NAME = "$(TARGET_NAME)";
				SWIFT_EMIT_LOC_STRINGS = YES;
				SWIFT_VERSION = 5.0;
				TARGETED_DEVICE_FAMILY = "1,2";
			};
			name = Release;
		};
/* End XCBuildConfiguration section */

/* Begin XCConfigurationList section */
		138A865D278B741C00CDA6C2 /* Build configuration list for PBXProject "Day27" */ = {
			isa = XCConfigurationList;
			buildConfigurations = (
				138A8674278B741F00CDA6C2 /* Debug */,
				138A8675278B741F00CDA6C2 /* Release */,
			);
			defaultConfigurationIsVisible = 0;
			defaultConfigurationName = Release;
		};
		138A8676278B741F00CDA6C2 /* Build configuration list for PBXNativeTarget "Day27" */ = {
			isa = XCConfigurationList;
			buildConfigurations = (
				138A8677278B741F00CDA6C2 /* Debug */,
				138A8678278B741F00CDA6C2 /* Release */,
			);
			defaultConfigurationIsVisible = 0;
			defaultConfigurationName = Release;
		};
/* End XCConfigurationList section */

/* Begin XCRemoteSwiftPackageReference section */
		138A8679278B744700CDA6C2 /* XCRemoteSwiftPackageReference "dsa-reusable" */ = {
			isa = XCRemoteSwiftPackageReference;
			repositoryURL = "https://github.com/crazymanish/dsa-reusable";
			requirement = {
				branch = main;
				kind = branch;
			};
		};
/* End XCRemoteSwiftPackageReference section */

/* Begin XCSwiftPackageProductDependency section */
		138A867A278B744700CDA6C2 /* dsa-reusable */ = {
			isa = XCSwiftPackageProductDependency;
			package = 138A8679278B744700CDA6C2 /* XCRemoteSwiftPackageReference "dsa-reusable" */;
			productName = "dsa-reusable";
		};
/* End XCSwiftPackageProductDependency section */
	};
	rootObject = 138A865A278B741C00CDA6C2 /* Project object */;
}
